// !$*UTF8*$!
{
	archiveVersion = 1;
	classes = {
	};
	objectVersion = 55;
	objects = {

/* Begin PBXBuildFile section */
		02E7559B483BB5F424776129 /* NetworkPlugin.swift in Sources */ = {isa = PBXBuildFile; fileRef = 727D26E9C673487CC9173B63 /* NetworkPlugin.swift */; };
		07CC7A10C721B3BFFF1D9C95 /* SignInCoordinator.swift in Sources */ = {isa = PBXBuildFile; fileRef = 5E9F86684F9BECC659908324 /* SignInCoordinator.swift */; };
		07D972146FE26B0D7745F320 /* Rswift.framework in Frameworks */ = {isa = PBXBuildFile; fileRef = B69E89D638AF22019D3F6FEC /* Rswift.framework */; platformFilter = ios; };
		0DCE8318FD53ADBF47665DCF /* RxSwift.framework in Frameworks */ = {isa = PBXBuildFile; fileRef = E7A7890E953FE38C48A3471B /* RxSwift.framework */; platformFilter = ios; };
		104E07DC01E6D43F74E86075 /* RxKakaoSDKUser.framework in Frameworks */ = {isa = PBXBuildFile; fileRef = 3314A261D0BBEEC692B5CC44 /* RxKakaoSDKUser.framework */; platformFilter = ios; };
		116D9B0A97D533D95390DAD7 /* TidifyPresentation.framework in Frameworks */ = {isa = PBXBuildFile; fileRef = 062A2C298BC9BEFDC5D0D51A /* TidifyPresentation.framework */; platformFilter = ios; };
		17999362ECC9ADBF7A6AFC5A /* UIView+.swift in Sources */ = {isa = PBXBuildFile; fileRef = 79744F2CA24B6D146546B940 /* UIView+.swift */; };
		18142981F685E6F1CBB2F91A /* KakaoSDKCommon.framework in Frameworks */ = {isa = PBXBuildFile; fileRef = 1480760BE13CEBEFF52D620A /* KakaoSDKCommon.framework */; platformFilter = ios; };
		183C9CBD1F1412CB11C2E1D1 /* TidifyDomain.framework in Frameworks */ = {isa = PBXBuildFile; fileRef = AD918E39C9616C978AE6108A /* TidifyDomain.framework */; platformFilter = ios; };
		1F63B779A00182D28F4984C6 /* SignInReactor.swift in Sources */ = {isa = PBXBuildFile; fileRef = C8B08428C67D416D9451F19A /* SignInReactor.swift */; };
		27B7342B1A5750E823644CE9 /* UICollectionView+.swift in Sources */ = {isa = PBXBuildFile; fileRef = 46E4C559DBD5A48F61A216CC /* UICollectionView+.swift */; };
		27D9603CBCEC43A666C6D1BF /* TidifyDataTests.swift in Sources */ = {isa = PBXBuildFile; fileRef = 878F40D0D39CC169F8416744 /* TidifyDataTests.swift */; };
		2803EB9C52ECC0A2B8C0CEDA /* Coordinator.swift in Sources */ = {isa = PBXBuildFile; fileRef = E2EACD735EA4627A29DE7594 /* Coordinator.swift */; };
		294A8524F67406D377D07691 /* KakaoSDKTemplate.framework in Frameworks */ = {isa = PBXBuildFile; fileRef = B02637F4A4F25CA03402BDA5 /* KakaoSDKTemplate.framework */; platformFilter = ios; };
		2AA321EF98D827778D72C077 /* TidifyDomain.framework in Frameworks */ = {isa = PBXBuildFile; fileRef = AD918E39C9616C978AE6108A /* TidifyDomain.framework */; platformFilter = ios; };
		2C07D5F0198EF5F4ADA080CA /* RxRelay.framework in Frameworks */ = {isa = PBXBuildFile; fileRef = 070E4F5D8A940C1B1ABEC2DC /* RxRelay.framework */; platformFilter = ios; };
		2D49406945C22BF665B7C787 /* RxKakaoSDKShare.framework in Frameworks */ = {isa = PBXBuildFile; fileRef = 2F788883A2BFCFF64C577169 /* RxKakaoSDKShare.framework */; platformFilter = ios; };
		316218859B94ADA70379A237 /* TidifyCore.framework in Frameworks */ = {isa = PBXBuildFile; fileRef = 2F160717F8E4F43E9C449A7B /* TidifyCore.framework */; platformFilter = ios; };
		33904EFC233A63F5FEF582D9 /* RxKakaoSDKStory.framework in Frameworks */ = {isa = PBXBuildFile; fileRef = E5F0AF941883EECB398F0E95 /* RxKakaoSDKStory.framework */; platformFilter = ios; };
		33BBAEB9C116E1795E35FECC /* ObservableType+.swift in Sources */ = {isa = PBXBuildFile; fileRef = 82ADAE0C8411B4978823E854 /* ObservableType+.swift */; };
		375F92A40F9D5532D3699EFF /* UIViewController+.swift in Sources */ = {isa = PBXBuildFile; fileRef = 75EE155613D2EAA40631038F /* UIViewController+.swift */; };
		3CE4D7B1946A34F85441694B /* ReactorKitRuntime.framework in Frameworks */ = {isa = PBXBuildFile; fileRef = C9C5EEBBCCDA8D616AACECDF /* ReactorKitRuntime.framework */; platformFilter = ios; };
		404A6E8528A42111007EDA76 /* TabBarController.swift in Sources */ = {isa = PBXBuildFile; fileRef = 404A6E7128A41C77007EDA76 /* TabBarController.swift */; };
		404A6E8628A42115007EDA76 /* TabBarCoordinator.swift in Sources */ = {isa = PBXBuildFile; fileRef = 404A6E6E28A41B2F007EDA76 /* TabBarCoordinator.swift */; };
		404A6E8928A42124007EDA76 /* HomeViewController.swift in Sources */ = {isa = PBXBuildFile; fileRef = 404A6E7D28A41DCF007EDA76 /* HomeViewController.swift */; };
		404A6E8A28A42128007EDA76 /* HomeCoordinator.swift in Sources */ = {isa = PBXBuildFile; fileRef = 404A6E7628A41DAD007EDA76 /* HomeCoordinator.swift */; };
		404A6E8B28A4212B007EDA76 /* SearchViewController.swift in Sources */ = {isa = PBXBuildFile; fileRef = 404A6E8028A41DDA007EDA76 /* SearchViewController.swift */; };
		404A6E8C28A4212E007EDA76 /* SearchCoordinator.swift in Sources */ = {isa = PBXBuildFile; fileRef = 404A6E7828A41DB4007EDA76 /* SearchCoordinator.swift */; };
		404A6E8D28A42131007EDA76 /* FolderViewController.swift in Sources */ = {isa = PBXBuildFile; fileRef = 404A6E8328A41DE2007EDA76 /* FolderViewController.swift */; };
		404A6E8E28A42134007EDA76 /* FolderCoordinator.swift in Sources */ = {isa = PBXBuildFile; fileRef = 404A6E7A28A41DBD007EDA76 /* FolderCoordinator.swift */; };
		423458F7CDF26B0B29EC3A27 /* TidifyCore.swift in Sources */ = {isa = PBXBuildFile; fileRef = 637A2A1B2F33A2AE5E80F1CB /* TidifyCore.swift */; };
		44179D5CC6773E94F8C583C4 /* SwiftyBeaver.framework in Frameworks */ = {isa = PBXBuildFile; fileRef = 814750AB2FBCE5EB045FE848 /* SwiftyBeaver.framework */; platformFilter = ios; };
		49055A0F7E282489B9C09CF9 /* UserSession.swift in Sources */ = {isa = PBXBuildFile; fileRef = 1A785D1363B471186B4FC696 /* UserSession.swift */; };
		55C64D95ADECBBAFDADE6448 /* CFNetwork.framework in Frameworks */ = {isa = PBXBuildFile; fileRef = A882691396E5C4E138A0DFCC /* CFNetwork.framework */; };
		59476D15108892C7CCE477EC /* OnboardingCoordinator.swift in Sources */ = {isa = PBXBuildFile; fileRef = 3FB0A621D902A6AE2A9AEAA3 /* OnboardingCoordinator.swift */; };
		5B496B0F255F7E286FA9DE7B /* TidifyDomainTests.swift in Sources */ = {isa = PBXBuildFile; fileRef = 64AFD931AD898E9B0063D906 /* TidifyDomainTests.swift */; };
		5C57CDFAFCEC714E40E67581 /* TidifyCoreTests.swift in Sources */ = {isa = PBXBuildFile; fileRef = EF6B6BA9ACA277935CB7EA0F /* TidifyCoreTests.swift */; };
		6502325346150BE3528EF1BD /* SignInRepository.swift in Sources */ = {isa = PBXBuildFile; fileRef = 23D42E028A368F54395B87CF /* SignInRepository.swift */; };
		653D4EEA724BB42D96CB8A3A /* RxSwift.framework in Frameworks */ = {isa = PBXBuildFile; fileRef = E7A7890E953FE38C48A3471B /* RxSwift.framework */; platformFilter = ios; };
		72D88AEB2622FB7694A8CB18 /* RxSwift.framework in Frameworks */ = {isa = PBXBuildFile; fileRef = E7A7890E953FE38C48A3471B /* RxSwift.framework */; platformFilter = ios; };
		78CAEA5B0E2ED012A8D835D0 /* TuistAssets+Tidify.swift in Sources */ = {isa = PBXBuildFile; fileRef = 215096EF5888231A19462E79 /* TuistAssets+Tidify.swift */; };
		799B117823CCE6F81AC7A93E /* RxMoya.framework in Frameworks */ = {isa = PBXBuildFile; fileRef = 63AD9F953DE0CECC11C747F6 /* RxMoya.framework */; platformFilter = ios; };
		7BE06C4B3F4FF066CCC10485 /* MainCoordinator.swift in Sources */ = {isa = PBXBuildFile; fileRef = 5CD6137C60E35FB4C983C5D9 /* MainCoordinator.swift */; };
		7C5C2615362B90097F2904F1 /* Alamofire.framework in Frameworks */ = {isa = PBXBuildFile; fileRef = CE4761FD3BCF23EE996F72C8 /* Alamofire.framework */; platformFilter = ios; };
		7D4DFA0E63D3FAC6BFE804B5 /* TidifyCore.framework in Embed Frameworks */ = {isa = PBXBuildFile; fileRef = 2F160717F8E4F43E9C449A7B /* TidifyCore.framework */; platformFilter = ios; settings = {ATTRIBUTES = (CodeSignOnCopy, RemoveHeadersOnCopy, ); }; };
		7F085770D8F70C623FCBD5AF /* WeakMapTable.framework in Frameworks */ = {isa = PBXBuildFile; fileRef = 0C6D95E33166267E233FBAA0 /* WeakMapTable.framework */; platformFilter = ios; };
		8376836B1FE0B489891F33C2 /* DefaultSignInRepository.swift in Sources */ = {isa = PBXBuildFile; fileRef = 28E5C003ED68C696C40528B4 /* DefaultSignInRepository.swift */; };
		88A2FE7ECCCEEC9343D69557 /* KakaoSDKAuth.framework in Frameworks */ = {isa = PBXBuildFile; fileRef = 6C4B60A19BBFD7BBA61AF057 /* KakaoSDKAuth.framework */; platformFilter = ios; };
		8A041B29A74D1CB50E5D786A /* LaunchScreen.storyboard in Resources */ = {isa = PBXBuildFile; fileRef = 08EE287A1A961A9BBEB2E8A5 /* LaunchScreen.storyboard */; };
		8C3B690AF2C2A0798429F12F /* RxSwift.framework in Frameworks */ = {isa = PBXBuildFile; fileRef = E7A7890E953FE38C48A3471B /* RxSwift.framework */; platformFilter = ios; };
		8F21B88959700D73D7734232 /* RxCocoa.framework in Embed Frameworks */ = {isa = PBXBuildFile; fileRef = 87514243C58846E40B4A173A /* RxCocoa.framework */; platformFilter = ios; settings = {ATTRIBUTES = (CodeSignOnCopy, RemoveHeadersOnCopy, ); }; };
		90FF0C02B03BBBCA95321743 /* RxKakaoSDKTalk.framework in Frameworks */ = {isa = PBXBuildFile; fileRef = 6BCC4ACF8454E94728095CCB /* RxKakaoSDKTalk.framework */; platformFilter = ios; };
		91BDD08464AABB77E98C3358 /* ReactorKit.framework in Frameworks */ = {isa = PBXBuildFile; fileRef = 4C556EBA34109AF3012AF27C /* ReactorKit.framework */; platformFilter = ios; };
		97C082987A81C3D3C960E94E /* Assets.xcassets in Resources */ = {isa = PBXBuildFile; fileRef = 9F4A3C60B38B4A8C55E20E0A /* Assets.xcassets */; };
		99E5F6C1578A4C1DBA40613F /* Then.framework in Frameworks */ = {isa = PBXBuildFile; fileRef = 441CBCD12A9EF44019964DC6 /* Then.framework */; platformFilter = ios; };
		9D0841A7FDE36517EA27067A /* RxCocoa.framework in Frameworks */ = {isa = PBXBuildFile; fileRef = 87514243C58846E40B4A173A /* RxCocoa.framework */; platformFilter = ios; };
		A0597BB9964736B414E089ED /* SignInUseCase.swift in Sources */ = {isa = PBXBuildFile; fileRef = 59510F5F834B18EB50588ECE /* SignInUseCase.swift */; };
		A2D2B5AB6DC3D4794F843849 /* Moya.framework in Frameworks */ = {isa = PBXBuildFile; fileRef = 2A1135149F3B705ECECDED05 /* Moya.framework */; platformFilter = ios; };
		A309AF77ABD0C9C2DAA7111A /* TidifyDomain.framework in Embed Frameworks */ = {isa = PBXBuildFile; fileRef = AD918E39C9616C978AE6108A /* TidifyDomain.framework */; platformFilter = ios; settings = {ATTRIBUTES = (CodeSignOnCopy, RemoveHeadersOnCopy, ); }; };
		AAC020E3D59CEB11CAA4F939 /* TidifyDomain.swift in Sources */ = {isa = PBXBuildFile; fileRef = 938BFD1DB590D4CC97EF733F /* TidifyDomain.swift */; };
		AF372A7F24F1EB04DC9CC0BC /* AuthService.swift in Sources */ = {isa = PBXBuildFile; fileRef = 6F8C7BC81AD3AC9AA7522B0D /* AuthService.swift */; };
		B1D69F2B58CCDCDF12D85DA5 /* RxCocoaRuntime.framework in Embed Frameworks */ = {isa = PBXBuildFile; fileRef = 3BB937D34E9855BBA407A31F /* RxCocoaRuntime.framework */; platformFilter = ios; settings = {ATTRIBUTES = (CodeSignOnCopy, RemoveHeadersOnCopy, ); }; };
		B3F89B3B37366C39FD783664 /* CFNetwork.framework in Frameworks */ = {isa = PBXBuildFile; fileRef = A882691396E5C4E138A0DFCC /* CFNetwork.framework */; };
		B46D9F65ED65E9288FB27DB9 /* SignInViewController.swift in Sources */ = {isa = PBXBuildFile; fileRef = 78523B0160FC1CD9FFCFE02F /* SignInViewController.swift */; };
		B73EB74DD46AD3B412E550B5 /* SnapKit.framework in Frameworks */ = {isa = PBXBuildFile; fileRef = 460458A091AC21EEDA5A11A1 /* SnapKit.framework */; platformFilter = ios; };
		B8AEBA99C5D73185E7001601 /* Onboarding.swift in Sources */ = {isa = PBXBuildFile; fileRef = EB094F0A91C37AB653CD9BEB /* Onboarding.swift */; };
		BB4E5B5EE1A8B50BC9F46D55 /* TidifyPresentationTests.swift in Sources */ = {isa = PBXBuildFile; fileRef = B9C9444A8EFF628699490EB7 /* TidifyPresentationTests.swift */; };
		BD61EC03745352DBE48467FA /* KakaoSDKShare.framework in Frameworks */ = {isa = PBXBuildFile; fileRef = 211105E1CB0ABC3AF32593F3 /* KakaoSDKShare.framework */; platformFilter = ios; };
		BECB4E53B33EA66C1BCC4163 /* AppDelegate.swift in Sources */ = {isa = PBXBuildFile; fileRef = BB59798104EA5DCA21D3A311 /* AppDelegate.swift */; };
		C578F2B9819A3033BE511445 /* Alamofire.framework in Frameworks */ = {isa = PBXBuildFile; fileRef = CE4761FD3BCF23EE996F72C8 /* Alamofire.framework */; platformFilter = ios; };
		C7E72CF02CE54CA37D6876C1 /* TuistBundle+Tidify.swift in Sources */ = {isa = PBXBuildFile; fileRef = BAAA609FC7ACEFA299500183 /* TuistBundle+Tidify.swift */; };
		C886FF1EB436CAEE4850AFC9 /* RxKakaoSDKAuth.framework in Frameworks */ = {isa = PBXBuildFile; fileRef = 4EEC8211EB8F4A3034BD3DD6 /* RxKakaoSDKAuth.framework */; platformFilter = ios; };
		C95F91A12A6BD1FC215C1E97 /* CGSize+.swift in Sources */ = {isa = PBXBuildFile; fileRef = 9F3A562B8DA02BD4DAEEBE47 /* CGSize+.swift */; };
		C9E8B97432796CDDCAAC8B66 /* RxSwift.framework in Embed Frameworks */ = {isa = PBXBuildFile; fileRef = E7A7890E953FE38C48A3471B /* RxSwift.framework */; platformFilter = ios; settings = {ATTRIBUTES = (CodeSignOnCopy, RemoveHeadersOnCopy, ); }; };
		CB9A43B13E3C08BB43B01492 /* TidifyData.swift in Sources */ = {isa = PBXBuildFile; fileRef = 81473675D7A5A5D7A634D1B9 /* TidifyData.swift */; };
		D2970628D8D5175562790A7C /* KakaoSDKUser.framework in Frameworks */ = {isa = PBXBuildFile; fileRef = 759A41169A7AAFE684DF186C /* KakaoSDKUser.framework */; platformFilter = ios; };
		D57F609D998736D94572BA3C /* UITableView+.swift in Sources */ = {isa = PBXBuildFile; fileRef = 456D119E019A94BEDD7761A1 /* UITableView+.swift */; };
		D7D268E8A643DFE505423929 /* OnboardingCollectionViewCell.swift in Sources */ = {isa = PBXBuildFile; fileRef = 5875475384DC5B3B5B0A7FA3 /* OnboardingCollectionViewCell.swift */; };
		D90BEAD64F72152BEA5D4B91 /* RxKakaoSDKCommon.framework in Frameworks */ = {isa = PBXBuildFile; fileRef = 92BC2083A2ED89360717A1E5 /* RxKakaoSDKCommon.framework */; platformFilter = ios; };
		DC45989BAA0DB1C2DA70B4BE /* RxAlamofire.framework in Frameworks */ = {isa = PBXBuildFile; fileRef = 424857FC8EF70DBB4F5FAEC6 /* RxAlamofire.framework */; platformFilter = ios; };
		DCF1728DF6690F30ED69232F /* SahredSequenceConvertibeType+.swift in Sources */ = {isa = PBXBuildFile; fileRef = 6F73B45DAA0C7884DC29CD3C /* SahredSequenceConvertibeType+.swift */; };
		DDFB1235CBFFF80B5BC8DA12 /* RxRelay.framework in Embed Frameworks */ = {isa = PBXBuildFile; fileRef = 070E4F5D8A940C1B1ABEC2DC /* RxRelay.framework */; platformFilter = ios; settings = {ATTRIBUTES = (CodeSignOnCopy, RemoveHeadersOnCopy, ); }; };
		DE992B054F04C17C69A84B3F /* TidifyData.framework in Embed Frameworks */ = {isa = PBXBuildFile; fileRef = 434AD846A5CC48C0CC471348 /* TidifyData.framework */; platformFilter = ios; settings = {ATTRIBUTES = (CodeSignOnCopy, RemoveHeadersOnCopy, ); }; };
		E1946D9817BF2AB88828D5A4 /* TidifyCore.framework in Frameworks */ = {isa = PBXBuildFile; fileRef = 2F160717F8E4F43E9C449A7B /* TidifyCore.framework */; platformFilter = ios; };
		E1DDBEC0BDE857A1BBF373BD /* TidifyPresentation.framework in Frameworks */ = {isa = PBXBuildFile; fileRef = 062A2C298BC9BEFDC5D0D51A /* TidifyPresentation.framework */; platformFilter = ios; };
		E51D4F6228C909C918293C8B /* KakaoSDKTalk.framework in Frameworks */ = {isa = PBXBuildFile; fileRef = F3B1E9ED927856ED2C10E0DF /* KakaoSDKTalk.framework */; platformFilter = ios; };
		E7C113DAF0C1D18D639A834E /* UIFont+.swift in Sources */ = {isa = PBXBuildFile; fileRef = 16499E7B4C78B16BD33DB9DA /* UIFont+.swift */; };
		E86DB3686F6019B57FBA4BBA /* TidifyPresentation.framework in Embed Frameworks */ = {isa = PBXBuildFile; fileRef = 062A2C298BC9BEFDC5D0D51A /* TidifyPresentation.framework */; platformFilter = ios; settings = {ATTRIBUTES = (CodeSignOnCopy, RemoveHeadersOnCopy, ); }; };
		EA114D6F62C2042E1538BAF5 /* UIColor+.swift in Sources */ = {isa = PBXBuildFile; fileRef = 881F3DAE595A5F1AA6493FA5 /* UIColor+.swift */; };
		EE736F1A2315918D45ECB0E5 /* TidifyData.framework in Frameworks */ = {isa = PBXBuildFile; fileRef = 434AD846A5CC48C0CC471348 /* TidifyData.framework */; platformFilter = ios; };
		F048A466D2EAECC4B697D3E2 /* KakaoSDKStory.framework in Frameworks */ = {isa = PBXBuildFile; fileRef = 142001B1E7DEAB204EB78632 /* KakaoSDKStory.framework */; platformFilter = ios; };
		F246C9E65A6DC9B1A1763A07 /* TidifyDomain.framework in Frameworks */ = {isa = PBXBuildFile; fileRef = AD918E39C9616C978AE6108A /* TidifyDomain.framework */; platformFilter = ios; };
		F3CF3C24566B923DD0FCF2AD /* OnboardingReactor.swift in Sources */ = {isa = PBXBuildFile; fileRef = C45624E5BFB39AF8F11DB3FB /* OnboardingReactor.swift */; };
		F532275CF8685EBE12C7BA7C /* Rswift.framework in Embed Frameworks */ = {isa = PBXBuildFile; fileRef = B69E89D638AF22019D3F6FEC /* Rswift.framework */; platformFilter = ios; settings = {ATTRIBUTES = (CodeSignOnCopy, RemoveHeadersOnCopy, ); }; };
		F61A029EF0E29F9D10521A01 /* RxCocoa.framework in Frameworks */ = {isa = PBXBuildFile; fileRef = 87514243C58846E40B4A173A /* RxCocoa.framework */; platformFilter = ios; };
		F81C156D9BB9FA5503AB5E1D /* Kingfisher.framework in Frameworks */ = {isa = PBXBuildFile; fileRef = 690549E86F9B5B91884F7150 /* Kingfisher.framework */; platformFilter = ios; };
		FA4A5BF687EC5945918458A7 /* OnboardingViewController.swift in Sources */ = {isa = PBXBuildFile; fileRef = 74906E97F42275A6B55E9F4D /* OnboardingViewController.swift */; };
		FF2F27EEFF256031245D5D66 /* TidifyData.framework in Frameworks */ = {isa = PBXBuildFile; fileRef = 434AD846A5CC48C0CC471348 /* TidifyData.framework */; platformFilter = ios; };
/* End PBXBuildFile section */

/* Begin PBXContainerItemProxy section */
		046F3820F77DADAB59976E17 /* PBXContainerItemProxy */ = {
			isa = PBXContainerItemProxy;
			containerPortal = E001B09A59B62771B160F114 /* Project object */;
			proxyType = 1;
			remoteGlobalIDString = B46C131AEA440246F20EB8CE;
			remoteInfo = TidifyData;
		};
		1BAB76D1AD1B7E71441167B9 /* PBXContainerItemProxy */ = {
			isa = PBXContainerItemProxy;
			containerPortal = E001B09A59B62771B160F114 /* Project object */;
			proxyType = 1;
			remoteGlobalIDString = B5ECD98033F66B793BC3C9BA;
			remoteInfo = TidifyPresentation;
		};
		21F64F0891921105661294BB /* PBXContainerItemProxy */ = {
			isa = PBXContainerItemProxy;
			containerPortal = E001B09A59B62771B160F114 /* Project object */;
			proxyType = 1;
			remoteGlobalIDString = B46C131AEA440246F20EB8CE;
			remoteInfo = TidifyData;
		};
		538FA64E9D10389CDF9FA2FD /* PBXContainerItemProxy */ = {
			isa = PBXContainerItemProxy;
			containerPortal = E001B09A59B62771B160F114 /* Project object */;
			proxyType = 1;
			remoteGlobalIDString = 16B2C1D641F085759C3925DB;
			remoteInfo = TidifyCore;
		};
		8EEFDEEA6123F23409F97C96 /* PBXContainerItemProxy */ = {
			isa = PBXContainerItemProxy;
			containerPortal = E001B09A59B62771B160F114 /* Project object */;
			proxyType = 1;
			remoteGlobalIDString = B5ECD98033F66B793BC3C9BA;
			remoteInfo = TidifyPresentation;
		};
		AEE7C1FBA68F068BB42F3020 /* PBXContainerItemProxy */ = {
			isa = PBXContainerItemProxy;
			containerPortal = E001B09A59B62771B160F114 /* Project object */;
			proxyType = 1;
			remoteGlobalIDString = 06A1CE75BAD4613048C16895;
			remoteInfo = TidifyDomain;
		};
		D643CA75D70605BA19954EBC /* PBXContainerItemProxy */ = {
			isa = PBXContainerItemProxy;
			containerPortal = E001B09A59B62771B160F114 /* Project object */;
			proxyType = 1;
			remoteGlobalIDString = 06A1CE75BAD4613048C16895;
			remoteInfo = TidifyDomain;
		};
		EB7B36FB4C2EF401F69489BC /* PBXContainerItemProxy */ = {
			isa = PBXContainerItemProxy;
			containerPortal = E001B09A59B62771B160F114 /* Project object */;
			proxyType = 1;
			remoteGlobalIDString = 06A1CE75BAD4613048C16895;
			remoteInfo = TidifyDomain;
		};
		FBA894A46AC9B38602B7546D /* PBXContainerItemProxy */ = {
			isa = PBXContainerItemProxy;
			containerPortal = E001B09A59B62771B160F114 /* Project object */;
			proxyType = 1;
			remoteGlobalIDString = 16B2C1D641F085759C3925DB;
			remoteInfo = TidifyCore;
		};
/* End PBXContainerItemProxy section */

/* Begin PBXCopyFilesBuildPhase section */
		0530F462387A5DA97FD89880 /* Embed Frameworks */ = {
			isa = PBXCopyFilesBuildPhase;
			buildActionMask = 2147483647;
			dstPath = "";
			dstSubfolderSpec = 10;
			files = (
			);
			name = "Embed Frameworks";
			runOnlyForDeploymentPostprocessing = 0;
		};
		0FB82F5DF6009A6879674004 /* Embed Frameworks */ = {
			isa = PBXCopyFilesBuildPhase;
			buildActionMask = 2147483647;
			dstPath = "";
			dstSubfolderSpec = 10;
			files = (
			);
			name = "Embed Frameworks";
			runOnlyForDeploymentPostprocessing = 0;
		};
		1C4A662E3DE281CD1DC322A1 /* Embed Frameworks */ = {
			isa = PBXCopyFilesBuildPhase;
			buildActionMask = 2147483647;
			dstPath = "";
			dstSubfolderSpec = 10;
			files = (
				F532275CF8685EBE12C7BA7C /* Rswift.framework in Embed Frameworks */,
				8F21B88959700D73D7734232 /* RxCocoa.framework in Embed Frameworks */,
				B1D69F2B58CCDCDF12D85DA5 /* RxCocoaRuntime.framework in Embed Frameworks */,
				DDFB1235CBFFF80B5BC8DA12 /* RxRelay.framework in Embed Frameworks */,
				C9E8B97432796CDDCAAC8B66 /* RxSwift.framework in Embed Frameworks */,
				7D4DFA0E63D3FAC6BFE804B5 /* TidifyCore.framework in Embed Frameworks */,
				DE992B054F04C17C69A84B3F /* TidifyData.framework in Embed Frameworks */,
				A309AF77ABD0C9C2DAA7111A /* TidifyDomain.framework in Embed Frameworks */,
				E86DB3686F6019B57FBA4BBA /* TidifyPresentation.framework in Embed Frameworks */,
			);
			name = "Embed Frameworks";
			runOnlyForDeploymentPostprocessing = 0;
		};
		32323C7768F67C56419287E0 /* Embed Frameworks */ = {
			isa = PBXCopyFilesBuildPhase;
			buildActionMask = 2147483647;
			dstPath = "";
			dstSubfolderSpec = 10;
			files = (
			);
			name = "Embed Frameworks";
			runOnlyForDeploymentPostprocessing = 0;
		};
		3D8650E80B6C372AF6EC47C7 /* Embed Frameworks */ = {
			isa = PBXCopyFilesBuildPhase;
			buildActionMask = 2147483647;
			dstPath = "";
			dstSubfolderSpec = 10;
			files = (
			);
			name = "Embed Frameworks";
			runOnlyForDeploymentPostprocessing = 0;
		};
		45F0B2DDC55B25AFB56947C3 /* Embed Frameworks */ = {
			isa = PBXCopyFilesBuildPhase;
			buildActionMask = 2147483647;
			dstPath = "";
			dstSubfolderSpec = 10;
			files = (
			);
			name = "Embed Frameworks";
			runOnlyForDeploymentPostprocessing = 0;
		};
		A2130BE6B9894C484AA60CC4 /* Embed Frameworks */ = {
			isa = PBXCopyFilesBuildPhase;
			buildActionMask = 2147483647;
			dstPath = "";
			dstSubfolderSpec = 10;
			files = (
			);
			name = "Embed Frameworks";
			runOnlyForDeploymentPostprocessing = 0;
		};
		D528B4F3EF9E32B7C643F34D /* Embed Frameworks */ = {
			isa = PBXCopyFilesBuildPhase;
			buildActionMask = 2147483647;
			dstPath = "";
			dstSubfolderSpec = 10;
			files = (
			);
			name = "Embed Frameworks";
			runOnlyForDeploymentPostprocessing = 0;
		};
		E01E673A609D596E71D5BBF8 /* Embed Frameworks */ = {
			isa = PBXCopyFilesBuildPhase;
			buildActionMask = 2147483647;
			dstPath = "";
			dstSubfolderSpec = 10;
			files = (
			);
			name = "Embed Frameworks";
			runOnlyForDeploymentPostprocessing = 0;
		};
/* End PBXCopyFilesBuildPhase section */

/* Begin PBXFileReference section */
		0195028BD1C21F90DC0CE7D1 /* TidifyDomain-Info.plist */ = {isa = PBXFileReference; lastKnownFileType = text.plist; path = "TidifyDomain-Info.plist"; sourceTree = "<group>"; };
		062A2C298BC9BEFDC5D0D51A /* TidifyPresentation.framework */ = {isa = PBXFileReference; explicitFileType = wrapper.framework; includeInIndex = 0; path = TidifyPresentation.framework; sourceTree = BUILT_PRODUCTS_DIR; };
		070E4F5D8A940C1B1ABEC2DC /* RxRelay.framework */ = {isa = PBXFileReference; explicitFileType = wrapper.framework; includeInIndex = 0; path = RxRelay.framework; sourceTree = BUILT_PRODUCTS_DIR; };
		085D0285C1EF12D6291A5FB7 /* TidifyCoreTests-Info.plist */ = {isa = PBXFileReference; lastKnownFileType = text.plist; path = "TidifyCoreTests-Info.plist"; sourceTree = "<group>"; };
		08EE287A1A961A9BBEB2E8A5 /* LaunchScreen.storyboard */ = {isa = PBXFileReference; lastKnownFileType = file.storyboard; path = LaunchScreen.storyboard; sourceTree = "<group>"; };
		0C6D95E33166267E233FBAA0 /* WeakMapTable.framework */ = {isa = PBXFileReference; explicitFileType = wrapper.framework; includeInIndex = 0; path = WeakMapTable.framework; sourceTree = BUILT_PRODUCTS_DIR; };
		0E84FF60F4EE069145740516 /* TidifyData-Info.plist */ = {isa = PBXFileReference; lastKnownFileType = text.plist; path = "TidifyData-Info.plist"; sourceTree = "<group>"; };
		142001B1E7DEAB204EB78632 /* KakaoSDKStory.framework */ = {isa = PBXFileReference; explicitFileType = wrapper.framework; includeInIndex = 0; path = KakaoSDKStory.framework; sourceTree = BUILT_PRODUCTS_DIR; };
		1480760BE13CEBEFF52D620A /* KakaoSDKCommon.framework */ = {isa = PBXFileReference; explicitFileType = wrapper.framework; includeInIndex = 0; path = KakaoSDKCommon.framework; sourceTree = BUILT_PRODUCTS_DIR; };
		16499E7B4C78B16BD33DB9DA /* UIFont+.swift */ = {isa = PBXFileReference; lastKnownFileType = sourcecode.swift; path = "UIFont+.swift"; sourceTree = "<group>"; };
		1A785D1363B471186B4FC696 /* UserSession.swift */ = {isa = PBXFileReference; lastKnownFileType = sourcecode.swift; path = UserSession.swift; sourceTree = "<group>"; };
		211105E1CB0ABC3AF32593F3 /* KakaoSDKShare.framework */ = {isa = PBXFileReference; explicitFileType = wrapper.framework; includeInIndex = 0; path = KakaoSDKShare.framework; sourceTree = BUILT_PRODUCTS_DIR; };
		215096EF5888231A19462E79 /* TuistAssets+Tidify.swift */ = {isa = PBXFileReference; lastKnownFileType = sourcecode.swift; path = "TuistAssets+Tidify.swift"; sourceTree = "<group>"; };
		23D42E028A368F54395B87CF /* SignInRepository.swift */ = {isa = PBXFileReference; lastKnownFileType = sourcecode.swift; path = SignInRepository.swift; sourceTree = "<group>"; };
		28E5C003ED68C696C40528B4 /* DefaultSignInRepository.swift */ = {isa = PBXFileReference; lastKnownFileType = sourcecode.swift; path = DefaultSignInRepository.swift; sourceTree = "<group>"; };
		2A1135149F3B705ECECDED05 /* Moya.framework */ = {isa = PBXFileReference; explicitFileType = wrapper.framework; includeInIndex = 0; path = Moya.framework; sourceTree = BUILT_PRODUCTS_DIR; };
		2CCDC0F9548738AEE39AA48A /* TidifyDataTests.xctest */ = {isa = PBXFileReference; explicitFileType = wrapper.cfbundle; includeInIndex = 0; path = TidifyDataTests.xctest; sourceTree = BUILT_PRODUCTS_DIR; };
		2F160717F8E4F43E9C449A7B /* TidifyCore.framework */ = {isa = PBXFileReference; explicitFileType = wrapper.framework; includeInIndex = 0; path = TidifyCore.framework; sourceTree = BUILT_PRODUCTS_DIR; };
		2F788883A2BFCFF64C577169 /* RxKakaoSDKShare.framework */ = {isa = PBXFileReference; explicitFileType = wrapper.framework; includeInIndex = 0; path = RxKakaoSDKShare.framework; sourceTree = BUILT_PRODUCTS_DIR; };
		3314A261D0BBEEC692B5CC44 /* RxKakaoSDKUser.framework */ = {isa = PBXFileReference; explicitFileType = wrapper.framework; includeInIndex = 0; path = RxKakaoSDKUser.framework; sourceTree = BUILT_PRODUCTS_DIR; };
		3BB937D34E9855BBA407A31F /* RxCocoaRuntime.framework */ = {isa = PBXFileReference; explicitFileType = wrapper.framework; includeInIndex = 0; path = RxCocoaRuntime.framework; sourceTree = BUILT_PRODUCTS_DIR; };
		3FB0A621D902A6AE2A9AEAA3 /* OnboardingCoordinator.swift */ = {isa = PBXFileReference; lastKnownFileType = sourcecode.swift; path = OnboardingCoordinator.swift; sourceTree = "<group>"; };
		404A6E6E28A41B2F007EDA76 /* TabBarCoordinator.swift */ = {isa = PBXFileReference; lastKnownFileType = sourcecode.swift; path = TabBarCoordinator.swift; sourceTree = "<group>"; };
		404A6E7128A41C77007EDA76 /* TabBarController.swift */ = {isa = PBXFileReference; lastKnownFileType = sourcecode.swift; path = TabBarController.swift; sourceTree = "<group>"; };
		404A6E7628A41DAD007EDA76 /* HomeCoordinator.swift */ = {isa = PBXFileReference; lastKnownFileType = sourcecode.swift; path = HomeCoordinator.swift; sourceTree = "<group>"; };
		404A6E7828A41DB4007EDA76 /* SearchCoordinator.swift */ = {isa = PBXFileReference; lastKnownFileType = sourcecode.swift; path = SearchCoordinator.swift; sourceTree = "<group>"; };
		404A6E7A28A41DBD007EDA76 /* FolderCoordinator.swift */ = {isa = PBXFileReference; lastKnownFileType = sourcecode.swift; path = FolderCoordinator.swift; sourceTree = "<group>"; };
		404A6E7D28A41DCF007EDA76 /* HomeViewController.swift */ = {isa = PBXFileReference; lastKnownFileType = sourcecode.swift; path = HomeViewController.swift; sourceTree = "<group>"; };
		404A6E8028A41DDA007EDA76 /* SearchViewController.swift */ = {isa = PBXFileReference; lastKnownFileType = sourcecode.swift; path = SearchViewController.swift; sourceTree = "<group>"; };
		404A6E8328A41DE2007EDA76 /* FolderViewController.swift */ = {isa = PBXFileReference; lastKnownFileType = sourcecode.swift; path = FolderViewController.swift; sourceTree = "<group>"; };
		424857FC8EF70DBB4F5FAEC6 /* RxAlamofire.framework */ = {isa = PBXFileReference; explicitFileType = wrapper.framework; includeInIndex = 0; path = RxAlamofire.framework; sourceTree = BUILT_PRODUCTS_DIR; };
		42B6F424E32D05AEC0837804 /* TidifyDomainTests-Info.plist */ = {isa = PBXFileReference; lastKnownFileType = text.plist; path = "TidifyDomainTests-Info.plist"; sourceTree = "<group>"; };
		434AD846A5CC48C0CC471348 /* TidifyData.framework */ = {isa = PBXFileReference; explicitFileType = wrapper.framework; includeInIndex = 0; path = TidifyData.framework; sourceTree = BUILT_PRODUCTS_DIR; };
		441CBCD12A9EF44019964DC6 /* Then.framework */ = {isa = PBXFileReference; explicitFileType = wrapper.framework; includeInIndex = 0; path = Then.framework; sourceTree = BUILT_PRODUCTS_DIR; };
		456D119E019A94BEDD7761A1 /* UITableView+.swift */ = {isa = PBXFileReference; lastKnownFileType = sourcecode.swift; path = "UITableView+.swift"; sourceTree = "<group>"; };
		460458A091AC21EEDA5A11A1 /* SnapKit.framework */ = {isa = PBXFileReference; explicitFileType = wrapper.framework; includeInIndex = 0; path = SnapKit.framework; sourceTree = BUILT_PRODUCTS_DIR; };
		46E4C559DBD5A48F61A216CC /* UICollectionView+.swift */ = {isa = PBXFileReference; lastKnownFileType = sourcecode.swift; path = "UICollectionView+.swift"; sourceTree = "<group>"; };
		4C556EBA34109AF3012AF27C /* ReactorKit.framework */ = {isa = PBXFileReference; explicitFileType = wrapper.framework; includeInIndex = 0; path = ReactorKit.framework; sourceTree = BUILT_PRODUCTS_DIR; };
		4EEC8211EB8F4A3034BD3DD6 /* RxKakaoSDKAuth.framework */ = {isa = PBXFileReference; explicitFileType = wrapper.framework; includeInIndex = 0; path = RxKakaoSDKAuth.framework; sourceTree = BUILT_PRODUCTS_DIR; };
		5875475384DC5B3B5B0A7FA3 /* OnboardingCollectionViewCell.swift */ = {isa = PBXFileReference; lastKnownFileType = sourcecode.swift; path = OnboardingCollectionViewCell.swift; sourceTree = "<group>"; };
		59510F5F834B18EB50588ECE /* SignInUseCase.swift */ = {isa = PBXFileReference; lastKnownFileType = sourcecode.swift; path = SignInUseCase.swift; sourceTree = "<group>"; };
		5CD6137C60E35FB4C983C5D9 /* MainCoordinator.swift */ = {isa = PBXFileReference; lastKnownFileType = sourcecode.swift; path = MainCoordinator.swift; sourceTree = "<group>"; };
		5E9F86684F9BECC659908324 /* SignInCoordinator.swift */ = {isa = PBXFileReference; lastKnownFileType = sourcecode.swift; path = SignInCoordinator.swift; sourceTree = "<group>"; };
		637A2A1B2F33A2AE5E80F1CB /* TidifyCore.swift */ = {isa = PBXFileReference; lastKnownFileType = sourcecode.swift; path = TidifyCore.swift; sourceTree = "<group>"; };
		63AD9F953DE0CECC11C747F6 /* RxMoya.framework */ = {isa = PBXFileReference; explicitFileType = wrapper.framework; includeInIndex = 0; path = RxMoya.framework; sourceTree = BUILT_PRODUCTS_DIR; };
		64AFD931AD898E9B0063D906 /* TidifyDomainTests.swift */ = {isa = PBXFileReference; lastKnownFileType = sourcecode.swift; path = TidifyDomainTests.swift; sourceTree = "<group>"; };
		64E84954667817AD78E48F7E /* TidifyPresentationTests-Info.plist */ = {isa = PBXFileReference; lastKnownFileType = text.plist; path = "TidifyPresentationTests-Info.plist"; sourceTree = "<group>"; };
		690549E86F9B5B91884F7150 /* Kingfisher.framework */ = {isa = PBXFileReference; explicitFileType = wrapper.framework; includeInIndex = 0; path = Kingfisher.framework; sourceTree = BUILT_PRODUCTS_DIR; };
		6BCC4ACF8454E94728095CCB /* RxKakaoSDKTalk.framework */ = {isa = PBXFileReference; explicitFileType = wrapper.framework; includeInIndex = 0; path = RxKakaoSDKTalk.framework; sourceTree = BUILT_PRODUCTS_DIR; };
		6C4B60A19BBFD7BBA61AF057 /* KakaoSDKAuth.framework */ = {isa = PBXFileReference; explicitFileType = wrapper.framework; includeInIndex = 0; path = KakaoSDKAuth.framework; sourceTree = BUILT_PRODUCTS_DIR; };
		6F73B45DAA0C7884DC29CD3C /* SahredSequenceConvertibeType+.swift */ = {isa = PBXFileReference; lastKnownFileType = sourcecode.swift; path = "SahredSequenceConvertibeType+.swift"; sourceTree = "<group>"; };
		6F7888BD1ED5D6DAF2E091A9 /* TidifyDomainTests.xctest */ = {isa = PBXFileReference; explicitFileType = wrapper.cfbundle; includeInIndex = 0; path = TidifyDomainTests.xctest; sourceTree = BUILT_PRODUCTS_DIR; };
		6F8C7BC81AD3AC9AA7522B0D /* AuthService.swift */ = {isa = PBXFileReference; lastKnownFileType = sourcecode.swift; path = AuthService.swift; sourceTree = "<group>"; };
		727D26E9C673487CC9173B63 /* NetworkPlugin.swift */ = {isa = PBXFileReference; lastKnownFileType = sourcecode.swift; path = NetworkPlugin.swift; sourceTree = "<group>"; };
		74906E97F42275A6B55E9F4D /* OnboardingViewController.swift */ = {isa = PBXFileReference; lastKnownFileType = sourcecode.swift; path = OnboardingViewController.swift; sourceTree = "<group>"; };
		759A41169A7AAFE684DF186C /* KakaoSDKUser.framework */ = {isa = PBXFileReference; explicitFileType = wrapper.framework; includeInIndex = 0; path = KakaoSDKUser.framework; sourceTree = BUILT_PRODUCTS_DIR; };
		75EE155613D2EAA40631038F /* UIViewController+.swift */ = {isa = PBXFileReference; lastKnownFileType = sourcecode.swift; path = "UIViewController+.swift"; sourceTree = "<group>"; };
		78523B0160FC1CD9FFCFE02F /* SignInViewController.swift */ = {isa = PBXFileReference; lastKnownFileType = sourcecode.swift; path = SignInViewController.swift; sourceTree = "<group>"; };
		79744F2CA24B6D146546B940 /* UIView+.swift */ = {isa = PBXFileReference; lastKnownFileType = sourcecode.swift; path = "UIView+.swift"; sourceTree = "<group>"; };
		798D84CC1E6FB747D25E61D6 /* TidifyCoreTests.xctest */ = {isa = PBXFileReference; explicitFileType = wrapper.cfbundle; includeInIndex = 0; path = TidifyCoreTests.xctest; sourceTree = BUILT_PRODUCTS_DIR; };
		81473675D7A5A5D7A634D1B9 /* TidifyData.swift */ = {isa = PBXFileReference; lastKnownFileType = sourcecode.swift; path = TidifyData.swift; sourceTree = "<group>"; };
		814750AB2FBCE5EB045FE848 /* SwiftyBeaver.framework */ = {isa = PBXFileReference; explicitFileType = wrapper.framework; includeInIndex = 0; path = SwiftyBeaver.framework; sourceTree = BUILT_PRODUCTS_DIR; };
		82ADAE0C8411B4978823E854 /* ObservableType+.swift */ = {isa = PBXFileReference; lastKnownFileType = sourcecode.swift; path = "ObservableType+.swift"; sourceTree = "<group>"; };
		87514243C58846E40B4A173A /* RxCocoa.framework */ = {isa = PBXFileReference; explicitFileType = wrapper.framework; includeInIndex = 0; path = RxCocoa.framework; sourceTree = BUILT_PRODUCTS_DIR; };
		878F40D0D39CC169F8416744 /* TidifyDataTests.swift */ = {isa = PBXFileReference; lastKnownFileType = sourcecode.swift; path = TidifyDataTests.swift; sourceTree = "<group>"; };
		881F3DAE595A5F1AA6493FA5 /* UIColor+.swift */ = {isa = PBXFileReference; lastKnownFileType = sourcecode.swift; path = "UIColor+.swift"; sourceTree = "<group>"; };
		92BC2083A2ED89360717A1E5 /* RxKakaoSDKCommon.framework */ = {isa = PBXFileReference; explicitFileType = wrapper.framework; includeInIndex = 0; path = RxKakaoSDKCommon.framework; sourceTree = BUILT_PRODUCTS_DIR; };
		93159D57525548F2CA69EB16 /* TidifyCore-Info.plist */ = {isa = PBXFileReference; lastKnownFileType = text.plist; path = "TidifyCore-Info.plist"; sourceTree = "<group>"; };
		938BFD1DB590D4CC97EF733F /* TidifyDomain.swift */ = {isa = PBXFileReference; lastKnownFileType = sourcecode.swift; path = TidifyDomain.swift; sourceTree = "<group>"; };
		9F3A562B8DA02BD4DAEEBE47 /* CGSize+.swift */ = {isa = PBXFileReference; lastKnownFileType = sourcecode.swift; path = "CGSize+.swift"; sourceTree = "<group>"; };
		9F4A3C60B38B4A8C55E20E0A /* Assets.xcassets */ = {isa = PBXFileReference; lastKnownFileType = folder.assetcatalog; path = Assets.xcassets; sourceTree = "<group>"; };
		A882691396E5C4E138A0DFCC /* CFNetwork.framework */ = {isa = PBXFileReference; lastKnownFileType = wrapper.framework; name = CFNetwork.framework; path = Platforms/iPhoneOS.platform/Developer/SDKs/iPhoneOS.sdk/System/Library/Frameworks/CFNetwork.framework; sourceTree = DEVELOPER_DIR; };
		AD918E39C9616C978AE6108A /* TidifyDomain.framework */ = {isa = PBXFileReference; explicitFileType = wrapper.framework; includeInIndex = 0; path = TidifyDomain.framework; sourceTree = BUILT_PRODUCTS_DIR; };
		ADAA456C8B21F95A8804767E /* Tidify-Info.plist */ = {isa = PBXFileReference; lastKnownFileType = text.plist; path = "Tidify-Info.plist"; sourceTree = "<group>"; };
		B02637F4A4F25CA03402BDA5 /* KakaoSDKTemplate.framework */ = {isa = PBXFileReference; explicitFileType = wrapper.framework; includeInIndex = 0; path = KakaoSDKTemplate.framework; sourceTree = BUILT_PRODUCTS_DIR; };
		B03D315812D76162499B271D /* TidifyDataTests-Info.plist */ = {isa = PBXFileReference; lastKnownFileType = text.plist; path = "TidifyDataTests-Info.plist"; sourceTree = "<group>"; };
		B1AE39192A5DDBAD4348B38D /* Tidify.app */ = {isa = PBXFileReference; explicitFileType = wrapper.application; includeInIndex = 0; path = Tidify.app; sourceTree = BUILT_PRODUCTS_DIR; };
		B69E89D638AF22019D3F6FEC /* Rswift.framework */ = {isa = PBXFileReference; explicitFileType = wrapper.framework; includeInIndex = 0; path = Rswift.framework; sourceTree = BUILT_PRODUCTS_DIR; };
		B9C9444A8EFF628699490EB7 /* TidifyPresentationTests.swift */ = {isa = PBXFileReference; lastKnownFileType = sourcecode.swift; path = TidifyPresentationTests.swift; sourceTree = "<group>"; };
		BAAA609FC7ACEFA299500183 /* TuistBundle+Tidify.swift */ = {isa = PBXFileReference; lastKnownFileType = sourcecode.swift; path = "TuistBundle+Tidify.swift"; sourceTree = "<group>"; };
		BAC07B8CD617C16DA99E344B /* TidifyPresentationTests.xctest */ = {isa = PBXFileReference; explicitFileType = wrapper.cfbundle; includeInIndex = 0; path = TidifyPresentationTests.xctest; sourceTree = BUILT_PRODUCTS_DIR; };
		BB59798104EA5DCA21D3A311 /* AppDelegate.swift */ = {isa = PBXFileReference; lastKnownFileType = sourcecode.swift; path = AppDelegate.swift; sourceTree = "<group>"; };
		C45624E5BFB39AF8F11DB3FB /* OnboardingReactor.swift */ = {isa = PBXFileReference; lastKnownFileType = sourcecode.swift; path = OnboardingReactor.swift; sourceTree = "<group>"; };
		C8B08428C67D416D9451F19A /* SignInReactor.swift */ = {isa = PBXFileReference; lastKnownFileType = sourcecode.swift; path = SignInReactor.swift; sourceTree = "<group>"; };
		C9C5EEBBCCDA8D616AACECDF /* ReactorKitRuntime.framework */ = {isa = PBXFileReference; explicitFileType = wrapper.framework; includeInIndex = 0; path = ReactorKitRuntime.framework; sourceTree = BUILT_PRODUCTS_DIR; };
		CE4761FD3BCF23EE996F72C8 /* Alamofire.framework */ = {isa = PBXFileReference; explicitFileType = wrapper.framework; includeInIndex = 0; path = Alamofire.framework; sourceTree = BUILT_PRODUCTS_DIR; };
		E2EACD735EA4627A29DE7594 /* Coordinator.swift */ = {isa = PBXFileReference; lastKnownFileType = sourcecode.swift; path = Coordinator.swift; sourceTree = "<group>"; };
		E5F0AF941883EECB398F0E95 /* RxKakaoSDKStory.framework */ = {isa = PBXFileReference; explicitFileType = wrapper.framework; includeInIndex = 0; path = RxKakaoSDKStory.framework; sourceTree = BUILT_PRODUCTS_DIR; };
		E7A7890E953FE38C48A3471B /* RxSwift.framework */ = {isa = PBXFileReference; explicitFileType = wrapper.framework; includeInIndex = 0; path = RxSwift.framework; sourceTree = BUILT_PRODUCTS_DIR; };
		EB094F0A91C37AB653CD9BEB /* Onboarding.swift */ = {isa = PBXFileReference; lastKnownFileType = sourcecode.swift; path = Onboarding.swift; sourceTree = "<group>"; };
		EF6B6BA9ACA277935CB7EA0F /* TidifyCoreTests.swift */ = {isa = PBXFileReference; lastKnownFileType = sourcecode.swift; path = TidifyCoreTests.swift; sourceTree = "<group>"; };
		F15254925A8FA2BC1E41AE85 /* TidifyPresentation-Info.plist */ = {isa = PBXFileReference; lastKnownFileType = text.plist; path = "TidifyPresentation-Info.plist"; sourceTree = "<group>"; };
		F3B1E9ED927856ED2C10E0DF /* KakaoSDKTalk.framework */ = {isa = PBXFileReference; explicitFileType = wrapper.framework; includeInIndex = 0; path = KakaoSDKTalk.framework; sourceTree = BUILT_PRODUCTS_DIR; };
/* End PBXFileReference section */

/* Begin PBXFrameworksBuildPhase section */
		036703484770F3B95E788EB6 /* Frameworks */ = {
			isa = PBXFrameworksBuildPhase;
			buildActionMask = 2147483647;
			files = (
				FF2F27EEFF256031245D5D66 /* TidifyData.framework in Frameworks */,
			);
			runOnlyForDeploymentPostprocessing = 0;
		};
		209DD2402E00F793D3FB014D /* Frameworks */ = {
			isa = PBXFrameworksBuildPhase;
			buildActionMask = 2147483647;
			files = (
				B3F89B3B37366C39FD783664 /* CFNetwork.framework in Frameworks */,
				7C5C2615362B90097F2904F1 /* Alamofire.framework in Frameworks */,
				A2D2B5AB6DC3D4794F843849 /* Moya.framework in Frameworks */,
				799B117823CCE6F81AC7A93E /* RxMoya.framework in Frameworks */,
				8C3B690AF2C2A0798429F12F /* RxSwift.framework in Frameworks */,
				F246C9E65A6DC9B1A1763A07 /* TidifyDomain.framework in Frameworks */,
			);
			runOnlyForDeploymentPostprocessing = 0;
		};
		4402F0BD95EBAD03EEE348C2 /* Frameworks */ = {
			isa = PBXFrameworksBuildPhase;
			buildActionMask = 2147483647;
			files = (
				F81C156D9BB9FA5503AB5E1D /* Kingfisher.framework in Frameworks */,
				91BDD08464AABB77E98C3358 /* ReactorKit.framework in Frameworks */,
				3CE4D7B1946A34F85441694B /* ReactorKitRuntime.framework in Frameworks */,
				07D972146FE26B0D7745F320 /* Rswift.framework in Frameworks */,
				F61A029EF0E29F9D10521A01 /* RxCocoa.framework in Frameworks */,
				0DCE8318FD53ADBF47665DCF /* RxSwift.framework in Frameworks */,
				B73EB74DD46AD3B412E550B5 /* SnapKit.framework in Frameworks */,
				99E5F6C1578A4C1DBA40613F /* Then.framework in Frameworks */,
				183C9CBD1F1412CB11C2E1D1 /* TidifyDomain.framework in Frameworks */,
				7F085770D8F70C623FCBD5AF /* WeakMapTable.framework in Frameworks */,
			);
			runOnlyForDeploymentPostprocessing = 0;
		};
		73FBF9D416A7CE372A71AADE /* Frameworks */ = {
			isa = PBXFrameworksBuildPhase;
			buildActionMask = 2147483647;
			files = (
				55C64D95ADECBBAFDADE6448 /* CFNetwork.framework in Frameworks */,
				C578F2B9819A3033BE511445 /* Alamofire.framework in Frameworks */,
				88A2FE7ECCCEEC9343D69557 /* KakaoSDKAuth.framework in Frameworks */,
				18142981F685E6F1CBB2F91A /* KakaoSDKCommon.framework in Frameworks */,
				BD61EC03745352DBE48467FA /* KakaoSDKShare.framework in Frameworks */,
				F048A466D2EAECC4B697D3E2 /* KakaoSDKStory.framework in Frameworks */,
				E51D4F6228C909C918293C8B /* KakaoSDKTalk.framework in Frameworks */,
				294A8524F67406D377D07691 /* KakaoSDKTemplate.framework in Frameworks */,
				D2970628D8D5175562790A7C /* KakaoSDKUser.framework in Frameworks */,
				DC45989BAA0DB1C2DA70B4BE /* RxAlamofire.framework in Frameworks */,
				9D0841A7FDE36517EA27067A /* RxCocoa.framework in Frameworks */,
				C886FF1EB436CAEE4850AFC9 /* RxKakaoSDKAuth.framework in Frameworks */,
				D90BEAD64F72152BEA5D4B91 /* RxKakaoSDKCommon.framework in Frameworks */,
				2D49406945C22BF665B7C787 /* RxKakaoSDKShare.framework in Frameworks */,
				33904EFC233A63F5FEF582D9 /* RxKakaoSDKStory.framework in Frameworks */,
				90FF0C02B03BBBCA95321743 /* RxKakaoSDKTalk.framework in Frameworks */,
				104E07DC01E6D43F74E86075 /* RxKakaoSDKUser.framework in Frameworks */,
				653D4EEA724BB42D96CB8A3A /* RxSwift.framework in Frameworks */,
				316218859B94ADA70379A237 /* TidifyCore.framework in Frameworks */,
			);
			runOnlyForDeploymentPostprocessing = 0;
		};
		7E0B5A0B634DA912D1EE266A /* Frameworks */ = {
			isa = PBXFrameworksBuildPhase;
			buildActionMask = 2147483647;
			files = (
				E1946D9817BF2AB88828D5A4 /* TidifyCore.framework in Frameworks */,
			);
			runOnlyForDeploymentPostprocessing = 0;
		};
		A94EB6BE6E55254EA7E18065 /* Frameworks */ = {
			isa = PBXFrameworksBuildPhase;
			buildActionMask = 2147483647;
			files = (
				116D9B0A97D533D95390DAD7 /* TidifyPresentation.framework in Frameworks */,
			);
			runOnlyForDeploymentPostprocessing = 0;
		};
		C47532826537273A2043A831 /* Frameworks */ = {
			isa = PBXFrameworksBuildPhase;
			buildActionMask = 2147483647;
			files = (
				EE736F1A2315918D45ECB0E5 /* TidifyData.framework in Frameworks */,
				E1DDBEC0BDE857A1BBF373BD /* TidifyPresentation.framework in Frameworks */,
			);
			runOnlyForDeploymentPostprocessing = 0;
		};
		C59495C5F023C4FAFC292B9F /* Frameworks */ = {
			isa = PBXFrameworksBuildPhase;
			buildActionMask = 2147483647;
			files = (
				2AA321EF98D827778D72C077 /* TidifyDomain.framework in Frameworks */,
			);
			runOnlyForDeploymentPostprocessing = 0;
		};
		F1897E97D56C929A9226F193 /* Frameworks */ = {
			isa = PBXFrameworksBuildPhase;
			buildActionMask = 2147483647;
			files = (
				2C07D5F0198EF5F4ADA080CA /* RxRelay.framework in Frameworks */,
				72D88AEB2622FB7694A8CB18 /* RxSwift.framework in Frameworks */,
				44179D5CC6773E94F8C583C4 /* SwiftyBeaver.framework in Frameworks */,
			);
			runOnlyForDeploymentPostprocessing = 0;
		};
/* End PBXFrameworksBuildPhase section */

/* Begin PBXGroup section */
		0325A92C27E5EF589340086A /* Sources */ = {
			isa = PBXGroup;
			children = (
				A634B56F3E85F3B8A1612379 /* Entities */,
				0402B1D6DAE7E74295FE959B /* Interfaces */,
				5115CAAA4BE312F390D55B81 /* UseCases */,
				938BFD1DB590D4CC97EF733F /* TidifyDomain.swift */,
			);
			path = Sources;
			sourceTree = "<group>";
		};
		0402B1D6DAE7E74295FE959B /* Interfaces */ = {
			isa = PBXGroup;
			children = (
				23D42E028A368F54395B87CF /* SignInRepository.swift */,
			);
			path = Interfaces;
			sourceTree = "<group>";
		};
		1EA938D88505098802F0C599 /* TidifyCore */ = {
			isa = PBXGroup;
			children = (
				2807EB69E3FA07E9247B1A57 /* Sources */,
				EAF4F7B8D0C75AD8520FA6A3 /* Tests */,
			);
			path = TidifyCore;
			sourceTree = "<group>";
		};
		1FB1545DCC1D8D5FA118F9B5 /* InfoPlists */ = {
			isa = PBXGroup;
			children = (
				ADAA456C8B21F95A8804767E /* Tidify-Info.plist */,
				93159D57525548F2CA69EB16 /* TidifyCore-Info.plist */,
				085D0285C1EF12D6291A5FB7 /* TidifyCoreTests-Info.plist */,
				0E84FF60F4EE069145740516 /* TidifyData-Info.plist */,
				B03D315812D76162499B271D /* TidifyDataTests-Info.plist */,
				0195028BD1C21F90DC0CE7D1 /* TidifyDomain-Info.plist */,
				42B6F424E32D05AEC0837804 /* TidifyDomainTests-Info.plist */,
				F15254925A8FA2BC1E41AE85 /* TidifyPresentation-Info.plist */,
				64E84954667817AD78E48F7E /* TidifyPresentationTests-Info.plist */,
			);
			path = InfoPlists;
			sourceTree = "<group>";
		};
		254C357FF6E839FBBD2B3CF4 /* Resources */ = {
			isa = PBXGroup;
			children = (
				9F4A3C60B38B4A8C55E20E0A /* Assets.xcassets */,
				08EE287A1A961A9BBEB2E8A5 /* LaunchScreen.storyboard */,
			);
			path = Resources;
			sourceTree = "<group>";
		};
		27F7255E76AB9BE782555778 /* Services */ = {
			isa = PBXGroup;
			children = (
				6F8C7BC81AD3AC9AA7522B0D /* AuthService.swift */,
				727D26E9C673487CC9173B63 /* NetworkPlugin.swift */,
			);
			path = Services;
			sourceTree = "<group>";
		};
		2807EB69E3FA07E9247B1A57 /* Sources */ = {
			isa = PBXGroup;
			children = (
				96ACC77514CECAA0A586ABB7 /* Extension */,
				637A2A1B2F33A2AE5E80F1CB /* TidifyCore.swift */,
			);
			path = Sources;
			sourceTree = "<group>";
		};
		35D193581EA8BE550A1532B8 /* Sources */ = {
			isa = PBXGroup;
			children = (
				BB59798104EA5DCA21D3A311 /* AppDelegate.swift */,
			);
			path = Sources;
			sourceTree = "<group>";
		};
		3A80A06C254FA4AA9AAF01A1 /* SignIn */ = {
			isa = PBXGroup;
			children = (
				EDB82914270AA59D1EAEB178 /* Reactor */,
				990E7569ABEAB9463B51A63F /* VIew */,
				5E9F86684F9BECC659908324 /* SignInCoordinator.swift */,
			);
			path = SignIn;
			sourceTree = "<group>";
		};
		404A6E6D28A41AD4007EDA76 /* TabBar */ = {
			isa = PBXGroup;
			children = (
				404A6E7028A41C53007EDA76 /* View */,
				404A6E6E28A41B2F007EDA76 /* TabBarCoordinator.swift */,
			);
			path = TabBar;
			sourceTree = "<group>";
		};
		404A6E7028A41C53007EDA76 /* View */ = {
			isa = PBXGroup;
			children = (
				404A6E7128A41C77007EDA76 /* TabBarController.swift */,
			);
			path = View;
			sourceTree = "<group>";
		};
		404A6E7328A41D89007EDA76 /* Home */ = {
			isa = PBXGroup;
			children = (
				404A6E7C28A41DC5007EDA76 /* View */,
				404A6E7628A41DAD007EDA76 /* HomeCoordinator.swift */,
			);
			path = Home;
			sourceTree = "<group>";
		};
		404A6E7428A41D8D007EDA76 /* Search */ = {
			isa = PBXGroup;
			children = (
				404A6E7F28A41DD3007EDA76 /* View */,
				404A6E7828A41DB4007EDA76 /* SearchCoordinator.swift */,
			);
			path = Search;
			sourceTree = "<group>";
		};
		404A6E7528A41D91007EDA76 /* Folder */ = {
			isa = PBXGroup;
			children = (
				404A6E8228A41DDD007EDA76 /* View */,
				404A6E7A28A41DBD007EDA76 /* FolderCoordinator.swift */,
			);
			path = Folder;
			sourceTree = "<group>";
		};
		404A6E7C28A41DC5007EDA76 /* View */ = {
			isa = PBXGroup;
			children = (
				404A6E7D28A41DCF007EDA76 /* HomeViewController.swift */,
			);
			path = View;
			sourceTree = "<group>";
		};
		404A6E7F28A41DD3007EDA76 /* View */ = {
			isa = PBXGroup;
			children = (
				404A6E8028A41DDA007EDA76 /* SearchViewController.swift */,
			);
			path = View;
			sourceTree = "<group>";
		};
		404A6E8228A41DDD007EDA76 /* View */ = {
			isa = PBXGroup;
			children = (
				404A6E8328A41DE2007EDA76 /* FolderViewController.swift */,
			);
			path = View;
			sourceTree = "<group>";
		};
		41AAD9FB6FD4EB9BF1B75EB2 /* Targets */ = {
			isa = PBXGroup;
			children = (
				833011CBE32F162DB09514D6 /* Tidify */,
				1EA938D88505098802F0C599 /* TidifyCore */,
				D7A80A57E229328B37C6CCF1 /* TidifyData */,
				7AF05CE15E7B9957AD98D23E /* TidifyDomain */,
				A55501F33E4B808700100E5D /* TidifyPresentation */,
			);
			path = Targets;
			sourceTree = "<group>";
		};
		4B7D3DF84011B2F3F45A04A8 /* Reactor */ = {
			isa = PBXGroup;
			children = (
				C45624E5BFB39AF8F11DB3FB /* OnboardingReactor.swift */,
			);
			path = Reactor;
			sourceTree = "<group>";
		};
		5034CD3970F26F29CA061D2A /* Extension */ = {
			isa = PBXGroup;
			children = (
				9F3A562B8DA02BD4DAEEBE47 /* CGSize+.swift */,
				46E4C559DBD5A48F61A216CC /* UICollectionView+.swift */,
				881F3DAE595A5F1AA6493FA5 /* UIColor+.swift */,
				16499E7B4C78B16BD33DB9DA /* UIFont+.swift */,
				456D119E019A94BEDD7761A1 /* UITableView+.swift */,
				79744F2CA24B6D146546B940 /* UIView+.swift */,
				75EE155613D2EAA40631038F /* UIViewController+.swift */,
			);
			path = Extension;
			sourceTree = "<group>";
		};
		5115CAAA4BE312F390D55B81 /* UseCases */ = {
			isa = PBXGroup;
			children = (
				59510F5F834B18EB50588ECE /* SignInUseCase.swift */,
			);
			path = UseCases;
			sourceTree = "<group>";
		};
		7331BFC2D977C8BADA733C1B /* Sources */ = {
			isa = PBXGroup;
			children = (
				C837F2841A09D654C3ADF4E6 /* Repositories */,
				27F7255E76AB9BE782555778 /* Services */,
				81473675D7A5A5D7A634D1B9 /* TidifyData.swift */,
			);
			path = Sources;
			sourceTree = "<group>";
		};
		7370EA42E93D543A4EB26135 /* Derived */ = {
			isa = PBXGroup;
			children = (
				1FB1545DCC1D8D5FA118F9B5 /* InfoPlists */,
				FE33653FA8022427D487D8AF /* Sources */,
			);
			path = Derived;
			sourceTree = "<group>";
		};
		7AF05CE15E7B9957AD98D23E /* TidifyDomain */ = {
			isa = PBXGroup;
			children = (
				0325A92C27E5EF589340086A /* Sources */,
				9D4561F3A59D1DBC045902F9 /* Tests */,
			);
			path = TidifyDomain;
			sourceTree = "<group>";
		};
		7C73A419D5FAB12A21D11AA9 /* View */ = {
			isa = PBXGroup;
			children = (
				ABC61A86BF85CE1A1F59A9CE /* Cell */,
				74906E97F42275A6B55E9F4D /* OnboardingViewController.swift */,
			);
			path = View;
			sourceTree = "<group>";
		};
		7EBEB4FE55BC3D1F39B8804B /* Products */ = {
			isa = PBXGroup;
			children = (
				CE4761FD3BCF23EE996F72C8 /* Alamofire.framework */,
				6C4B60A19BBFD7BBA61AF057 /* KakaoSDKAuth.framework */,
				1480760BE13CEBEFF52D620A /* KakaoSDKCommon.framework */,
				211105E1CB0ABC3AF32593F3 /* KakaoSDKShare.framework */,
				142001B1E7DEAB204EB78632 /* KakaoSDKStory.framework */,
				F3B1E9ED927856ED2C10E0DF /* KakaoSDKTalk.framework */,
				B02637F4A4F25CA03402BDA5 /* KakaoSDKTemplate.framework */,
				759A41169A7AAFE684DF186C /* KakaoSDKUser.framework */,
				690549E86F9B5B91884F7150 /* Kingfisher.framework */,
				2A1135149F3B705ECECDED05 /* Moya.framework */,
				4C556EBA34109AF3012AF27C /* ReactorKit.framework */,
				C9C5EEBBCCDA8D616AACECDF /* ReactorKitRuntime.framework */,
				B69E89D638AF22019D3F6FEC /* Rswift.framework */,
				424857FC8EF70DBB4F5FAEC6 /* RxAlamofire.framework */,
				87514243C58846E40B4A173A /* RxCocoa.framework */,
				3BB937D34E9855BBA407A31F /* RxCocoaRuntime.framework */,
				4EEC8211EB8F4A3034BD3DD6 /* RxKakaoSDKAuth.framework */,
				92BC2083A2ED89360717A1E5 /* RxKakaoSDKCommon.framework */,
				2F788883A2BFCFF64C577169 /* RxKakaoSDKShare.framework */,
				E5F0AF941883EECB398F0E95 /* RxKakaoSDKStory.framework */,
				6BCC4ACF8454E94728095CCB /* RxKakaoSDKTalk.framework */,
				3314A261D0BBEEC692B5CC44 /* RxKakaoSDKUser.framework */,
				63AD9F953DE0CECC11C747F6 /* RxMoya.framework */,
				070E4F5D8A940C1B1ABEC2DC /* RxRelay.framework */,
				E7A7890E953FE38C48A3471B /* RxSwift.framework */,
				460458A091AC21EEDA5A11A1 /* SnapKit.framework */,
				814750AB2FBCE5EB045FE848 /* SwiftyBeaver.framework */,
				441CBCD12A9EF44019964DC6 /* Then.framework */,
				B1AE39192A5DDBAD4348B38D /* Tidify.app */,
				2F160717F8E4F43E9C449A7B /* TidifyCore.framework */,
				798D84CC1E6FB747D25E61D6 /* TidifyCoreTests.xctest */,
				434AD846A5CC48C0CC471348 /* TidifyData.framework */,
				2CCDC0F9548738AEE39AA48A /* TidifyDataTests.xctest */,
				AD918E39C9616C978AE6108A /* TidifyDomain.framework */,
				6F7888BD1ED5D6DAF2E091A9 /* TidifyDomainTests.xctest */,
				062A2C298BC9BEFDC5D0D51A /* TidifyPresentation.framework */,
				BAC07B8CD617C16DA99E344B /* TidifyPresentationTests.xctest */,
				0C6D95E33166267E233FBAA0 /* WeakMapTable.framework */,
			);
			name = Products;
			sourceTree = "<group>";
		};
		833011CBE32F162DB09514D6 /* Tidify */ = {
			isa = PBXGroup;
			children = (
				254C357FF6E839FBBD2B3CF4 /* Resources */,
				35D193581EA8BE550A1532B8 /* Sources */,
			);
			path = Tidify;
			sourceTree = "<group>";
		};
		9264CD33534AAABAC726770A /* Project */ = {
			isa = PBXGroup;
			children = (
				7370EA42E93D543A4EB26135 /* Derived */,
				41AAD9FB6FD4EB9BF1B75EB2 /* Targets */,
			);
			name = Project;
			sourceTree = "<group>";
		};
		96ACC77514CECAA0A586ABB7 /* Extension */ = {
			isa = PBXGroup;
			children = (
				82ADAE0C8411B4978823E854 /* ObservableType+.swift */,
				6F73B45DAA0C7884DC29CD3C /* SahredSequenceConvertibeType+.swift */,
			);
			path = Extension;
			sourceTree = "<group>";
		};
		990E7569ABEAB9463B51A63F /* VIew */ = {
			isa = PBXGroup;
			children = (
				78523B0160FC1CD9FFCFE02F /* SignInViewController.swift */,
			);
			path = VIew;
			sourceTree = "<group>";
		};
		9D4561F3A59D1DBC045902F9 /* Tests */ = {
			isa = PBXGroup;
			children = (
				64AFD931AD898E9B0063D906 /* TidifyDomainTests.swift */,
			);
			path = Tests;
			sourceTree = "<group>";
		};
		A206ADB8E24EDEEEC19CDCC7 /* Tests */ = {
			isa = PBXGroup;
			children = (
				B9C9444A8EFF628699490EB7 /* TidifyPresentationTests.swift */,
			);
			path = Tests;
			sourceTree = "<group>";
		};
		A55501F33E4B808700100E5D /* TidifyPresentation */ = {
			isa = PBXGroup;
			children = (
				DDA6453296B420F8FBCC06DE /* Sources */,
				A206ADB8E24EDEEEC19CDCC7 /* Tests */,
			);
			path = TidifyPresentation;
			sourceTree = "<group>";
		};
		A634B56F3E85F3B8A1612379 /* Entities */ = {
			isa = PBXGroup;
			children = (
				EB094F0A91C37AB653CD9BEB /* Onboarding.swift */,
				1A785D1363B471186B4FC696 /* UserSession.swift */,
			);
			path = Entities;
			sourceTree = "<group>";
		};
		A8EA8A03B1F71C324B0D6BFF = {
			isa = PBXGroup;
			children = (
				9264CD33534AAABAC726770A /* Project */,
				BF7E3F34FFB99AD6A2F179A4 /* Frameworks */,
				7EBEB4FE55BC3D1F39B8804B /* Products */,
			);
			sourceTree = "<group>";
		};
		ABC61A86BF85CE1A1F59A9CE /* Cell */ = {
			isa = PBXGroup;
			children = (
				5875475384DC5B3B5B0A7FA3 /* OnboardingCollectionViewCell.swift */,
			);
			path = Cell;
			sourceTree = "<group>";
		};
		ACCBF62FA60CD5477BD787DE /* Base */ = {
			isa = PBXGroup;
			children = (
				5034CD3970F26F29CA061D2A /* Extension */,
				E2EACD735EA4627A29DE7594 /* Coordinator.swift */,
				5CD6137C60E35FB4C983C5D9 /* MainCoordinator.swift */,
			);
			path = Base;
			sourceTree = "<group>";
		};
		B2336B688A4E0F3973AAFAC8 /* Tests */ = {
			isa = PBXGroup;
			children = (
				878F40D0D39CC169F8416744 /* TidifyDataTests.swift */,
			);
			path = Tests;
			sourceTree = "<group>";
		};
		BF7E3F34FFB99AD6A2F179A4 /* Frameworks */ = {
			isa = PBXGroup;
			children = (
				A882691396E5C4E138A0DFCC /* CFNetwork.framework */,
			);
			name = Frameworks;
			sourceTree = "<group>";
		};
		C837F2841A09D654C3ADF4E6 /* Repositories */ = {
			isa = PBXGroup;
			children = (
				28E5C003ED68C696C40528B4 /* DefaultSignInRepository.swift */,
			);
			path = Repositories;
			sourceTree = "<group>";
		};
		D7A80A57E229328B37C6CCF1 /* TidifyData */ = {
			isa = PBXGroup;
			children = (
				7331BFC2D977C8BADA733C1B /* Sources */,
				B2336B688A4E0F3973AAFAC8 /* Tests */,
			);
			path = TidifyData;
			sourceTree = "<group>";
		};
		DDA6453296B420F8FBCC06DE /* Sources */ = {
			isa = PBXGroup;
			children = (
				ACCBF62FA60CD5477BD787DE /* Base */,
				E778F479581FF7B261031BD2 /* Onboarding */,
				3A80A06C254FA4AA9AAF01A1 /* SignIn */,
				404A6E6D28A41AD4007EDA76 /* TabBar */,
				404A6E7328A41D89007EDA76 /* Home */,
				404A6E7428A41D8D007EDA76 /* Search */,
				404A6E7528A41D91007EDA76 /* Folder */,
			);
			path = Sources;
			sourceTree = "<group>";
		};
		E778F479581FF7B261031BD2 /* Onboarding */ = {
			isa = PBXGroup;
			children = (
				4B7D3DF84011B2F3F45A04A8 /* Reactor */,
				7C73A419D5FAB12A21D11AA9 /* View */,
				3FB0A621D902A6AE2A9AEAA3 /* OnboardingCoordinator.swift */,
			);
			path = Onboarding;
			sourceTree = "<group>";
		};
		EAF4F7B8D0C75AD8520FA6A3 /* Tests */ = {
			isa = PBXGroup;
			children = (
				EF6B6BA9ACA277935CB7EA0F /* TidifyCoreTests.swift */,
			);
			path = Tests;
			sourceTree = "<group>";
		};
		EDB82914270AA59D1EAEB178 /* Reactor */ = {
			isa = PBXGroup;
			children = (
				C8B08428C67D416D9451F19A /* SignInReactor.swift */,
			);
			path = Reactor;
			sourceTree = "<group>";
		};
		FE33653FA8022427D487D8AF /* Sources */ = {
			isa = PBXGroup;
			children = (
				215096EF5888231A19462E79 /* TuistAssets+Tidify.swift */,
				BAAA609FC7ACEFA299500183 /* TuistBundle+Tidify.swift */,
			);
			path = Sources;
			sourceTree = "<group>";
		};
/* End PBXGroup section */

/* Begin PBXNativeTarget section */
		06A1CE75BAD4613048C16895 /* TidifyDomain */ = {
			isa = PBXNativeTarget;
			buildConfigurationList = F36859CBD38B67BA8BEBBFFD /* Build configuration list for PBXNativeTarget "TidifyDomain" */;
			buildPhases = (
				1C10AE7C2979E4BB7E54AF5F /* Sources */,
				282F9D2F3966E54ACA66C75D /* Resources */,
				E01E673A609D596E71D5BBF8 /* Embed Frameworks */,
				73FBF9D416A7CE372A71AADE /* Frameworks */,
			);
			buildRules = (
			);
			dependencies = (
				718F6BD58259CF82D236372A /* PBXTargetDependency */,
			);
			name = TidifyDomain;
			productName = TidifyDomain;
			productReference = AD918E39C9616C978AE6108A /* TidifyDomain.framework */;
			productType = "com.apple.product-type.framework";
		};
		0F545AE0036228B4C70EB993 /* Tidify */ = {
			isa = PBXNativeTarget;
			buildConfigurationList = 1B52AB14742A6408069ACEA7 /* Build configuration list for PBXNativeTarget "Tidify" */;
			buildPhases = (
				A97A7827D37D3F03850703FE /* Sources */,
				A7A9A63DC7CF56ACF98F5E84 /* Resources */,
				1C4A662E3DE281CD1DC322A1 /* Embed Frameworks */,
				C47532826537273A2043A831 /* Frameworks */,
			);
			buildRules = (
			);
			dependencies = (
				4B115F943160F7AA08C03697 /* PBXTargetDependency */,
				2B2A8B48432960B6484EF968 /* PBXTargetDependency */,
			);
			name = Tidify;
			productName = Tidify;
			productReference = B1AE39192A5DDBAD4348B38D /* Tidify.app */;
			productType = "com.apple.product-type.application";
		};
		16B2C1D641F085759C3925DB /* TidifyCore */ = {
			isa = PBXNativeTarget;
			buildConfigurationList = C7032613220A928717C56EFF /* Build configuration list for PBXNativeTarget "TidifyCore" */;
			buildPhases = (
				939D5E212DC0E27B61C7A317 /* Sources */,
				940437C4AA5CDE6875EF9549 /* Resources */,
				45F0B2DDC55B25AFB56947C3 /* Embed Frameworks */,
				F1897E97D56C929A9226F193 /* Frameworks */,
			);
			buildRules = (
			);
			dependencies = (
			);
			name = TidifyCore;
			productName = TidifyCore;
			productReference = 2F160717F8E4F43E9C449A7B /* TidifyCore.framework */;
			productType = "com.apple.product-type.framework";
		};
		621E6EAABBD1868141A779E6 /* TidifyCoreTests */ = {
			isa = PBXNativeTarget;
			buildConfigurationList = D620DA1474AFFB1BD79D87FE /* Build configuration list for PBXNativeTarget "TidifyCoreTests" */;
			buildPhases = (
				93E0F32DC210F1E205A82C2E /* Sources */,
				0F2D79D6CD41BA571D51E062 /* Resources */,
				0FB82F5DF6009A6879674004 /* Embed Frameworks */,
				7E0B5A0B634DA912D1EE266A /* Frameworks */,
			);
			buildRules = (
			);
			dependencies = (
				7682134325461277ED55DFBA /* PBXTargetDependency */,
			);
			name = TidifyCoreTests;
			productName = TidifyCoreTests;
			productReference = 798D84CC1E6FB747D25E61D6 /* TidifyCoreTests.xctest */;
			productType = "com.apple.product-type.bundle.unit-test";
		};
		906E922D3AA32425225E22E8 /* TidifyDomainTests */ = {
			isa = PBXNativeTarget;
			buildConfigurationList = AF417872AF45DF327E3071AE /* Build configuration list for PBXNativeTarget "TidifyDomainTests" */;
			buildPhases = (
				05191490EE6AE542C5654B02 /* Sources */,
				A110EE9F6AF5B5CD80C37778 /* Resources */,
				0530F462387A5DA97FD89880 /* Embed Frameworks */,
				C59495C5F023C4FAFC292B9F /* Frameworks */,
			);
			buildRules = (
			);
			dependencies = (
				70E711E7FD94EC80622C89C3 /* PBXTargetDependency */,
			);
			name = TidifyDomainTests;
			productName = TidifyDomainTests;
			productReference = 6F7888BD1ED5D6DAF2E091A9 /* TidifyDomainTests.xctest */;
			productType = "com.apple.product-type.bundle.unit-test";
		};
		A822DD121C930CB60739AC9B /* TidifyPresentationTests */ = {
			isa = PBXNativeTarget;
			buildConfigurationList = 4988B834C40185E7B4A802A1 /* Build configuration list for PBXNativeTarget "TidifyPresentationTests" */;
			buildPhases = (
				4F116DDAE74F4E86F585B89B /* Sources */,
				AD6866BE5C39E81FE21542C7 /* Resources */,
				32323C7768F67C56419287E0 /* Embed Frameworks */,
				A94EB6BE6E55254EA7E18065 /* Frameworks */,
			);
			buildRules = (
			);
			dependencies = (
				3F1591BFB9A06E6E7387FA5C /* PBXTargetDependency */,
			);
			name = TidifyPresentationTests;
			productName = TidifyPresentationTests;
			productReference = BAC07B8CD617C16DA99E344B /* TidifyPresentationTests.xctest */;
			productType = "com.apple.product-type.bundle.unit-test";
		};
		B46C131AEA440246F20EB8CE /* TidifyData */ = {
			isa = PBXNativeTarget;
			buildConfigurationList = 66008C0B314820BA212685CF /* Build configuration list for PBXNativeTarget "TidifyData" */;
			buildPhases = (
				77468050568C5466F1DB9956 /* Sources */,
				1DB419AFBB7A4D4912F68099 /* Resources */,
				D528B4F3EF9E32B7C643F34D /* Embed Frameworks */,
				209DD2402E00F793D3FB014D /* Frameworks */,
			);
			buildRules = (
			);
			dependencies = (
				702E88AFA9D26F7B53359E9F /* PBXTargetDependency */,
			);
			name = TidifyData;
			productName = TidifyData;
			productReference = 434AD846A5CC48C0CC471348 /* TidifyData.framework */;
			productType = "com.apple.product-type.framework";
		};
		B5ECD98033F66B793BC3C9BA /* TidifyPresentation */ = {
			isa = PBXNativeTarget;
			buildConfigurationList = B72FA6D3168ECFD5A87FBE7F /* Build configuration list for PBXNativeTarget "TidifyPresentation" */;
			buildPhases = (
				95EA4395FA4CF39C461D693D /* Sources */,
				2AD95E8FA8AA929F085BEE1F /* Resources */,
				A2130BE6B9894C484AA60CC4 /* Embed Frameworks */,
				4402F0BD95EBAD03EEE348C2 /* Frameworks */,
			);
			buildRules = (
			);
			dependencies = (
				984B401AFAC5A6055B5C300B /* PBXTargetDependency */,
			);
			name = TidifyPresentation;
			productName = TidifyPresentation;
			productReference = 062A2C298BC9BEFDC5D0D51A /* TidifyPresentation.framework */;
			productType = "com.apple.product-type.framework";
		};
		E374A064AFA7FEDFECC0A577 /* TidifyDataTests */ = {
			isa = PBXNativeTarget;
			buildConfigurationList = 98DA1AF574841DFC967876B7 /* Build configuration list for PBXNativeTarget "TidifyDataTests" */;
			buildPhases = (
				B8B82D87D93DF9FD3AC7E18B /* Sources */,
				0B2E63CAE1FABF5F88978576 /* Resources */,
				3D8650E80B6C372AF6EC47C7 /* Embed Frameworks */,
				036703484770F3B95E788EB6 /* Frameworks */,
			);
			buildRules = (
			);
			dependencies = (
				6B746C7363AA170DBA532420 /* PBXTargetDependency */,
			);
			name = TidifyDataTests;
			productName = TidifyDataTests;
			productReference = 2CCDC0F9548738AEE39AA48A /* TidifyDataTests.xctest */;
			productType = "com.apple.product-type.bundle.unit-test";
		};
/* End PBXNativeTarget section */

/* Begin PBXProject section */
		E001B09A59B62771B160F114 /* Project object */ = {
			isa = PBXProject;
			attributes = {
				ORGANIZATIONNAME = Tidify;
			};
			buildConfigurationList = 392050119467099F2F9122DD /* Build configuration list for PBXProject "Tidify" */;
			compatibilityVersion = "Xcode 13.0";
			developmentRegion = en;
			hasScannedForEncodings = 0;
			knownRegions = (
				Base,
				en,
			);
			mainGroup = A8EA8A03B1F71C324B0D6BFF;
			productRefGroup = 7EBEB4FE55BC3D1F39B8804B /* Products */;
			projectDirPath = "";
			projectRoot = "";
			targets = (
				E374A064AFA7FEDFECC0A577 /* TidifyDataTests */,
				A822DD121C930CB60739AC9B /* TidifyPresentationTests */,
				B5ECD98033F66B793BC3C9BA /* TidifyPresentation */,
				06A1CE75BAD4613048C16895 /* TidifyDomain */,
				906E922D3AA32425225E22E8 /* TidifyDomainTests */,
				16B2C1D641F085759C3925DB /* TidifyCore */,
				B46C131AEA440246F20EB8CE /* TidifyData */,
				0F545AE0036228B4C70EB993 /* Tidify */,
				621E6EAABBD1868141A779E6 /* TidifyCoreTests */,
			);
		};
/* End PBXProject section */

/* Begin PBXResourcesBuildPhase section */
		0B2E63CAE1FABF5F88978576 /* Resources */ = {
			isa = PBXResourcesBuildPhase;
			buildActionMask = 2147483647;
			files = (
			);
			runOnlyForDeploymentPostprocessing = 0;
		};
		0F2D79D6CD41BA571D51E062 /* Resources */ = {
			isa = PBXResourcesBuildPhase;
			buildActionMask = 2147483647;
			files = (
			);
			runOnlyForDeploymentPostprocessing = 0;
		};
		1DB419AFBB7A4D4912F68099 /* Resources */ = {
			isa = PBXResourcesBuildPhase;
			buildActionMask = 2147483647;
			files = (
			);
			runOnlyForDeploymentPostprocessing = 0;
		};
		282F9D2F3966E54ACA66C75D /* Resources */ = {
			isa = PBXResourcesBuildPhase;
			buildActionMask = 2147483647;
			files = (
			);
			runOnlyForDeploymentPostprocessing = 0;
		};
		2AD95E8FA8AA929F085BEE1F /* Resources */ = {
			isa = PBXResourcesBuildPhase;
			buildActionMask = 2147483647;
			files = (
			);
			runOnlyForDeploymentPostprocessing = 0;
		};
		940437C4AA5CDE6875EF9549 /* Resources */ = {
			isa = PBXResourcesBuildPhase;
			buildActionMask = 2147483647;
			files = (
			);
			runOnlyForDeploymentPostprocessing = 0;
		};
		A110EE9F6AF5B5CD80C37778 /* Resources */ = {
			isa = PBXResourcesBuildPhase;
			buildActionMask = 2147483647;
			files = (
			);
			runOnlyForDeploymentPostprocessing = 0;
		};
		A7A9A63DC7CF56ACF98F5E84 /* Resources */ = {
			isa = PBXResourcesBuildPhase;
			buildActionMask = 2147483647;
			files = (
				97C082987A81C3D3C960E94E /* Assets.xcassets in Resources */,
				8A041B29A74D1CB50E5D786A /* LaunchScreen.storyboard in Resources */,
			);
			runOnlyForDeploymentPostprocessing = 0;
		};
		AD6866BE5C39E81FE21542C7 /* Resources */ = {
			isa = PBXResourcesBuildPhase;
			buildActionMask = 2147483647;
			files = (
			);
			runOnlyForDeploymentPostprocessing = 0;
		};
/* End PBXResourcesBuildPhase section */

/* Begin PBXSourcesBuildPhase section */
		05191490EE6AE542C5654B02 /* Sources */ = {
			isa = PBXSourcesBuildPhase;
			buildActionMask = 2147483647;
			files = (
				5B496B0F255F7E286FA9DE7B /* TidifyDomainTests.swift in Sources */,
			);
			runOnlyForDeploymentPostprocessing = 0;
		};
		1C10AE7C2979E4BB7E54AF5F /* Sources */ = {
			isa = PBXSourcesBuildPhase;
			buildActionMask = 2147483647;
			files = (
				B8AEBA99C5D73185E7001601 /* Onboarding.swift in Sources */,
				49055A0F7E282489B9C09CF9 /* UserSession.swift in Sources */,
				6502325346150BE3528EF1BD /* SignInRepository.swift in Sources */,
				AAC020E3D59CEB11CAA4F939 /* TidifyDomain.swift in Sources */,
				A0597BB9964736B414E089ED /* SignInUseCase.swift in Sources */,
			);
			runOnlyForDeploymentPostprocessing = 0;
		};
		4F116DDAE74F4E86F585B89B /* Sources */ = {
			isa = PBXSourcesBuildPhase;
			buildActionMask = 2147483647;
			files = (
				BB4E5B5EE1A8B50BC9F46D55 /* TidifyPresentationTests.swift in Sources */,
			);
			runOnlyForDeploymentPostprocessing = 0;
		};
		77468050568C5466F1DB9956 /* Sources */ = {
			isa = PBXSourcesBuildPhase;
			buildActionMask = 2147483647;
			files = (
				8376836B1FE0B489891F33C2 /* DefaultSignInRepository.swift in Sources */,
				AF372A7F24F1EB04DC9CC0BC /* AuthService.swift in Sources */,
				02E7559B483BB5F424776129 /* NetworkPlugin.swift in Sources */,
				CB9A43B13E3C08BB43B01492 /* TidifyData.swift in Sources */,
			);
			runOnlyForDeploymentPostprocessing = 0;
		};
		939D5E212DC0E27B61C7A317 /* Sources */ = {
			isa = PBXSourcesBuildPhase;
			buildActionMask = 2147483647;
			files = (
				33BBAEB9C116E1795E35FECC /* ObservableType+.swift in Sources */,
				DCF1728DF6690F30ED69232F /* SahredSequenceConvertibeType+.swift in Sources */,
				423458F7CDF26B0B29EC3A27 /* TidifyCore.swift in Sources */,
			);
			runOnlyForDeploymentPostprocessing = 0;
		};
		93E0F32DC210F1E205A82C2E /* Sources */ = {
			isa = PBXSourcesBuildPhase;
			buildActionMask = 2147483647;
			files = (
				5C57CDFAFCEC714E40E67581 /* TidifyCoreTests.swift in Sources */,
			);
			runOnlyForDeploymentPostprocessing = 0;
		};
		95EA4395FA4CF39C461D693D /* Sources */ = {
			isa = PBXSourcesBuildPhase;
			buildActionMask = 2147483647;
			files = (
				2803EB9C52ECC0A2B8C0CEDA /* Coordinator.swift in Sources */,
				C95F91A12A6BD1FC215C1E97 /* CGSize+.swift in Sources */,
				404A6E8E28A42134007EDA76 /* FolderCoordinator.swift in Sources */,
				404A6E8C28A4212E007EDA76 /* SearchCoordinator.swift in Sources */,
				404A6E8928A42124007EDA76 /* HomeViewController.swift in Sources */,
				27B7342B1A5750E823644CE9 /* UICollectionView+.swift in Sources */,
				EA114D6F62C2042E1538BAF5 /* UIColor+.swift in Sources */,
				E7C113DAF0C1D18D639A834E /* UIFont+.swift in Sources */,
				D57F609D998736D94572BA3C /* UITableView+.swift in Sources */,
				404A6E8528A42111007EDA76 /* TabBarController.swift in Sources */,
				17999362ECC9ADBF7A6AFC5A /* UIView+.swift in Sources */,
				375F92A40F9D5532D3699EFF /* UIViewController+.swift in Sources */,
				7BE06C4B3F4FF066CCC10485 /* MainCoordinator.swift in Sources */,
				59476D15108892C7CCE477EC /* OnboardingCoordinator.swift in Sources */,
				F3CF3C24566B923DD0FCF2AD /* OnboardingReactor.swift in Sources */,
				D7D268E8A643DFE505423929 /* OnboardingCollectionViewCell.swift in Sources */,
				FA4A5BF687EC5945918458A7 /* OnboardingViewController.swift in Sources */,
				404A6E8B28A4212B007EDA76 /* SearchViewController.swift in Sources */,
				404A6E8628A42115007EDA76 /* TabBarCoordinator.swift in Sources */,
				1F63B779A00182D28F4984C6 /* SignInReactor.swift in Sources */,
				404A6E8A28A42128007EDA76 /* HomeCoordinator.swift in Sources */,
				404A6E8D28A42131007EDA76 /* FolderViewController.swift in Sources */,
				07CC7A10C721B3BFFF1D9C95 /* SignInCoordinator.swift in Sources */,
				B46D9F65ED65E9288FB27DB9 /* SignInViewController.swift in Sources */,
			);
			runOnlyForDeploymentPostprocessing = 0;
		};
		A97A7827D37D3F03850703FE /* Sources */ = {
			isa = PBXSourcesBuildPhase;
			buildActionMask = 2147483647;
			files = (
				78CAEA5B0E2ED012A8D835D0 /* TuistAssets+Tidify.swift in Sources */,
				C7E72CF02CE54CA37D6876C1 /* TuistBundle+Tidify.swift in Sources */,
				BECB4E53B33EA66C1BCC4163 /* AppDelegate.swift in Sources */,
			);
			runOnlyForDeploymentPostprocessing = 0;
		};
		B8B82D87D93DF9FD3AC7E18B /* Sources */ = {
			isa = PBXSourcesBuildPhase;
			buildActionMask = 2147483647;
			files = (
				27D9603CBCEC43A666C6D1BF /* TidifyDataTests.swift in Sources */,
			);
			runOnlyForDeploymentPostprocessing = 0;
		};
/* End PBXSourcesBuildPhase section */

/* Begin PBXTargetDependency section */
		2B2A8B48432960B6484EF968 /* PBXTargetDependency */ = {
			isa = PBXTargetDependency;
			name = TidifyPresentation;
			target = B5ECD98033F66B793BC3C9BA /* TidifyPresentation */;
			targetProxy = 8EEFDEEA6123F23409F97C96 /* PBXContainerItemProxy */;
		};
		3F1591BFB9A06E6E7387FA5C /* PBXTargetDependency */ = {
			isa = PBXTargetDependency;
			name = TidifyPresentation;
			target = B5ECD98033F66B793BC3C9BA /* TidifyPresentation */;
			targetProxy = 1BAB76D1AD1B7E71441167B9 /* PBXContainerItemProxy */;
		};
		4B115F943160F7AA08C03697 /* PBXTargetDependency */ = {
			isa = PBXTargetDependency;
			name = TidifyData;
			target = B46C131AEA440246F20EB8CE /* TidifyData */;
			targetProxy = 046F3820F77DADAB59976E17 /* PBXContainerItemProxy */;
		};
		6B746C7363AA170DBA532420 /* PBXTargetDependency */ = {
			isa = PBXTargetDependency;
			name = TidifyData;
			target = B46C131AEA440246F20EB8CE /* TidifyData */;
			targetProxy = 21F64F0891921105661294BB /* PBXContainerItemProxy */;
		};
		702E88AFA9D26F7B53359E9F /* PBXTargetDependency */ = {
			isa = PBXTargetDependency;
			name = TidifyDomain;
			target = 06A1CE75BAD4613048C16895 /* TidifyDomain */;
			targetProxy = EB7B36FB4C2EF401F69489BC /* PBXContainerItemProxy */;
		};
		70E711E7FD94EC80622C89C3 /* PBXTargetDependency */ = {
			isa = PBXTargetDependency;
			name = TidifyDomain;
			target = 06A1CE75BAD4613048C16895 /* TidifyDomain */;
			targetProxy = D643CA75D70605BA19954EBC /* PBXContainerItemProxy */;
		};
		718F6BD58259CF82D236372A /* PBXTargetDependency */ = {
			isa = PBXTargetDependency;
			name = TidifyCore;
			target = 16B2C1D641F085759C3925DB /* TidifyCore */;
			targetProxy = FBA894A46AC9B38602B7546D /* PBXContainerItemProxy */;
		};
		7682134325461277ED55DFBA /* PBXTargetDependency */ = {
			isa = PBXTargetDependency;
			name = TidifyCore;
			target = 16B2C1D641F085759C3925DB /* TidifyCore */;
			targetProxy = 538FA64E9D10389CDF9FA2FD /* PBXContainerItemProxy */;
		};
		984B401AFAC5A6055B5C300B /* PBXTargetDependency */ = {
			isa = PBXTargetDependency;
			name = TidifyDomain;
			target = 06A1CE75BAD4613048C16895 /* TidifyDomain */;
			targetProxy = AEE7C1FBA68F068BB42F3020 /* PBXContainerItemProxy */;
		};
/* End PBXTargetDependency section */

/* Begin XCBuildConfiguration section */
		111DDE3093640D64B0AC6F79 /* Release */ = {
			isa = XCBuildConfiguration;
			buildSettings = {
				CODE_SIGN_IDENTITY = "iPhone Developer";
				INFOPLIST_FILE = "Derived/InfoPlists/TidifyDomainTests-Info.plist";
				IPHONEOS_DEPLOYMENT_TARGET = 13.0;
				LD_RUNPATH_SEARCH_PATHS = (
					"$(inherited)",
					"@executable_path/Frameworks",
					"@loader_path/Frameworks",
				);
				PRODUCT_BUNDLE_IDENTIFIER = com.ian.TidifyDomainTests;
				PRODUCT_NAME = TidifyDomainTests;
				SDKROOT = iphoneos;
				SUPPORTS_MACCATALYST = NO;
				SWIFT_COMPILATION_MODE = wholemodule;
				SWIFT_OPTIMIZATION_LEVEL = "-Owholemodule";
				SWIFT_VERSION = 5.6.1;
				TARGETED_DEVICE_FAMILY = 1;
			};
			name = Release;
		};
		2065093911C305396DFA0688 /* Release */ = {
			isa = XCBuildConfiguration;
			buildSettings = {
				CODE_SIGN_IDENTITY = "iPhone Developer";
				INFOPLIST_FILE = "Derived/InfoPlists/TidifyPresentationTests-Info.plist";
				IPHONEOS_DEPLOYMENT_TARGET = 13.0;
				LD_RUNPATH_SEARCH_PATHS = (
					"$(inherited)",
					"@executable_path/Frameworks",
					"@loader_path/Frameworks",
				);
				PRODUCT_BUNDLE_IDENTIFIER = com.ian.TidifyPresentationTests;
				PRODUCT_NAME = TidifyPresentationTests;
				SDKROOT = iphoneos;
				SUPPORTS_MACCATALYST = NO;
				SWIFT_COMPILATION_MODE = wholemodule;
				SWIFT_OPTIMIZATION_LEVEL = "-Owholemodule";
				SWIFT_VERSION = 5.6.1;
				TARGETED_DEVICE_FAMILY = 1;
			};
			name = Release;
		};
		20C503D32DF6FB435B547111 /* Release */ = {
			isa = XCBuildConfiguration;
			buildSettings = {
				ASSETCATALOG_COMPILER_APPICON_NAME = AppIcon;
				CODE_SIGN_IDENTITY = "iPhone Developer";
				CODE_SIGN_STYLE = Automatic;
				DEVELOPMENT_TEAM = SS72MW26Dn;
				ENABLE_PREVIEWS = YES;
				INFOPLIST_FILE = "Derived/InfoPlists/Tidify-Info.plist";
				IPHONEOS_DEPLOYMENT_TARGET = 13.0;
				LD_RUNPATH_SEARCH_PATHS = (
					"$(inherited)",
					"@executable_path/Frameworks",
				);
				PRODUCT_BUNDLE_IDENTIFIER = com.ian.Tidify;
				PRODUCT_NAME = Tidify;
				SDKROOT = iphoneos;
				SUPPORTS_MACCATALYST = NO;
				SWIFT_COMPILATION_MODE = wholemodule;
				SWIFT_OPTIMIZATION_LEVEL = "-Owholemodule";
				SWIFT_VERSION = 5.6.1;
				TARGETED_DEVICE_FAMILY = 1;
			};
			name = Release;
		};
		32AAA3CB2AC61EC3B97035D4 /* Release */ = {
			isa = XCBuildConfiguration;
			buildSettings = {
				CODE_SIGN_IDENTITY = "iPhone Developer";
				INFOPLIST_FILE = "Derived/InfoPlists/TidifyDataTests-Info.plist";
				IPHONEOS_DEPLOYMENT_TARGET = 13.0;
				LD_RUNPATH_SEARCH_PATHS = (
					"$(inherited)",
					"@executable_path/Frameworks",
					"@loader_path/Frameworks",
				);
				PRODUCT_BUNDLE_IDENTIFIER = com.ian.TidifyDataTests;
				PRODUCT_NAME = TidifyDataTests;
				SDKROOT = iphoneos;
				SUPPORTS_MACCATALYST = NO;
				SWIFT_COMPILATION_MODE = wholemodule;
				SWIFT_OPTIMIZATION_LEVEL = "-Owholemodule";
				SWIFT_VERSION = 5.6.1;
				TARGETED_DEVICE_FAMILY = 1;
			};
			name = Release;
		};
		373194A9C23828FB3C6DB918 /* Release */ = {
			isa = XCBuildConfiguration;
			buildSettings = {
				CODE_SIGN_IDENTITY = "";
				CURRENT_PROJECT_VERSION = 1;
				DEFINES_MODULE = YES;
				DYLIB_COMPATIBILITY_VERSION = 1;
				DYLIB_CURRENT_VERSION = 1;
				DYLIB_INSTALL_NAME_BASE = "@rpath";
				INFOPLIST_FILE = "Derived/InfoPlists/TidifyData-Info.plist";
				INSTALL_PATH = "$(LOCAL_LIBRARY_DIR)/Frameworks";
				IPHONEOS_DEPLOYMENT_TARGET = 13.0;
				LD_RUNPATH_SEARCH_PATHS = (
					"$(inherited)",
					"@executable_path/Frameworks",
					"@loader_path/Frameworks",
				);
				PRODUCT_BUNDLE_IDENTIFIER = com.ian.TidifyData;
				PRODUCT_NAME = TidifyData;
				SDKROOT = iphoneos;
				SKIP_INSTALL = YES;
				SUPPORTS_MACCATALYST = NO;
				SWIFT_COMPILATION_MODE = wholemodule;
				SWIFT_OPTIMIZATION_LEVEL = "-Owholemodule";
				SWIFT_VERSION = 5.6.1;
				TARGETED_DEVICE_FAMILY = 1;
				VERSIONING_SYSTEM = "apple-generic";
				VERSION_INFO_PREFIX = "";
			};
			name = Release;
		};
		4E8C0372E352F2FEAC14C0D3 /* Debug */ = {
			isa = XCBuildConfiguration;
			buildSettings = {
				CODE_SIGN_IDENTITY = "";
				CURRENT_PROJECT_VERSION = 1;
				DEFINES_MODULE = YES;
				DYLIB_COMPATIBILITY_VERSION = 1;
				DYLIB_CURRENT_VERSION = 1;
				DYLIB_INSTALL_NAME_BASE = "@rpath";
				INFOPLIST_FILE = "Derived/InfoPlists/TidifyDomain-Info.plist";
				INSTALL_PATH = "$(LOCAL_LIBRARY_DIR)/Frameworks";
				IPHONEOS_DEPLOYMENT_TARGET = 13.0;
				LD_RUNPATH_SEARCH_PATHS = (
					"$(inherited)",
					"@executable_path/Frameworks",
					"@loader_path/Frameworks",
				);
				PRODUCT_BUNDLE_IDENTIFIER = com.ian.TidifyDomain;
				PRODUCT_NAME = TidifyDomain;
				SDKROOT = iphoneos;
				SKIP_INSTALL = YES;
				SUPPORTS_MACCATALYST = NO;
				SWIFT_ACTIVE_COMPILATION_CONDITIONS = DEBUG;
				SWIFT_COMPILATION_MODE = singlefile;
				SWIFT_OPTIMIZATION_LEVEL = "-Onone";
				SWIFT_VERSION = 5.6.1;
				TARGETED_DEVICE_FAMILY = 1;
				VERSIONING_SYSTEM = "apple-generic";
				VERSION_INFO_PREFIX = "";
			};
			name = Debug;
		};
		5296855AE88D531E11E07F2D /* Release */ = {
			isa = XCBuildConfiguration;
			buildSettings = {
				CODE_SIGN_IDENTITY = "";
				CURRENT_PROJECT_VERSION = 1;
				DEFINES_MODULE = YES;
				DYLIB_COMPATIBILITY_VERSION = 1;
				DYLIB_CURRENT_VERSION = 1;
				DYLIB_INSTALL_NAME_BASE = "@rpath";
				INFOPLIST_FILE = "Derived/InfoPlists/TidifyPresentation-Info.plist";
				INSTALL_PATH = "$(LOCAL_LIBRARY_DIR)/Frameworks";
				IPHONEOS_DEPLOYMENT_TARGET = 13.0;
				LD_RUNPATH_SEARCH_PATHS = (
					"$(inherited)",
					"@executable_path/Frameworks",
					"@loader_path/Frameworks",
				);
				PRODUCT_BUNDLE_IDENTIFIER = com.ian.TidifyPresentation;
				PRODUCT_NAME = TidifyPresentation;
				SDKROOT = iphoneos;
				SKIP_INSTALL = YES;
				SUPPORTS_MACCATALYST = NO;
				SWIFT_COMPILATION_MODE = wholemodule;
				SWIFT_OPTIMIZATION_LEVEL = "-Owholemodule";
				SWIFT_VERSION = 5.6.1;
				TARGETED_DEVICE_FAMILY = 1;
				VERSIONING_SYSTEM = "apple-generic";
				VERSION_INFO_PREFIX = "";
			};
			name = Release;
		};
		578D733C0CCF101AA70B0C15 /* Debug */ = {
			isa = XCBuildConfiguration;
			buildSettings = {
				CODE_SIGN_IDENTITY = "iPhone Developer";
				INFOPLIST_FILE = "Derived/InfoPlists/TidifyDomainTests-Info.plist";
				IPHONEOS_DEPLOYMENT_TARGET = 13.0;
				LD_RUNPATH_SEARCH_PATHS = (
					"$(inherited)",
					"@executable_path/Frameworks",
					"@loader_path/Frameworks",
				);
				PRODUCT_BUNDLE_IDENTIFIER = com.ian.TidifyDomainTests;
				PRODUCT_NAME = TidifyDomainTests;
				SDKROOT = iphoneos;
				SUPPORTS_MACCATALYST = NO;
				SWIFT_ACTIVE_COMPILATION_CONDITIONS = DEBUG;
				SWIFT_COMPILATION_MODE = singlefile;
				SWIFT_OPTIMIZATION_LEVEL = "-Onone";
				SWIFT_VERSION = 5.6.1;
				TARGETED_DEVICE_FAMILY = 1;
			};
			name = Debug;
		};
		57D7388F95071A06E183C87C /* Release */ = {
			isa = XCBuildConfiguration;
			buildSettings = {
				CODE_SIGN_IDENTITY = "";
				CURRENT_PROJECT_VERSION = 1;
				DEFINES_MODULE = YES;
				DYLIB_COMPATIBILITY_VERSION = 1;
				DYLIB_CURRENT_VERSION = 1;
				DYLIB_INSTALL_NAME_BASE = "@rpath";
				INFOPLIST_FILE = "Derived/InfoPlists/TidifyCore-Info.plist";
				INSTALL_PATH = "$(LOCAL_LIBRARY_DIR)/Frameworks";
				IPHONEOS_DEPLOYMENT_TARGET = 13.0;
				LD_RUNPATH_SEARCH_PATHS = (
					"$(inherited)",
					"@executable_path/Frameworks",
					"@loader_path/Frameworks",
				);
				PRODUCT_BUNDLE_IDENTIFIER = com.ian.TidifyCore;
				PRODUCT_NAME = TidifyCore;
				SDKROOT = iphoneos;
				SKIP_INSTALL = YES;
				SUPPORTS_MACCATALYST = NO;
				SWIFT_COMPILATION_MODE = wholemodule;
				SWIFT_OPTIMIZATION_LEVEL = "-Owholemodule";
				SWIFT_VERSION = 5.6.1;
				TARGETED_DEVICE_FAMILY = 1;
				VERSIONING_SYSTEM = "apple-generic";
				VERSION_INFO_PREFIX = "";
			};
			name = Release;
		};
		7BCD187D4FA7E7190F8085D9 /* Debug */ = {
			isa = XCBuildConfiguration;
			buildSettings = {
				ASSETCATALOG_COMPILER_APPICON_NAME = AppIcon;
				CODE_SIGN_IDENTITY = "iPhone Developer";
				CODE_SIGN_STYLE = Automatic;
				DEVELOPMENT_TEAM = SS72MW26Dn;
				ENABLE_PREVIEWS = YES;
				INFOPLIST_FILE = "Derived/InfoPlists/Tidify-Info.plist";
				IPHONEOS_DEPLOYMENT_TARGET = 13.0;
				LD_RUNPATH_SEARCH_PATHS = (
					"$(inherited)",
					"@executable_path/Frameworks",
				);
				PRODUCT_BUNDLE_IDENTIFIER = com.ian.Tidify;
				PRODUCT_NAME = Tidify;
				SDKROOT = iphoneos;
				SUPPORTS_MACCATALYST = NO;
				SWIFT_ACTIVE_COMPILATION_CONDITIONS = DEBUG;
				SWIFT_COMPILATION_MODE = singlefile;
				SWIFT_OPTIMIZATION_LEVEL = "-Onone";
				SWIFT_VERSION = 5.6.1;
				TARGETED_DEVICE_FAMILY = 1;
			};
			name = Debug;
		};
		85CC25DB1ED5BD784F42541B /* Debug */ = {
			isa = XCBuildConfiguration;
			buildSettings = {
				CODE_SIGN_IDENTITY = "iPhone Developer";
				INFOPLIST_FILE = "Derived/InfoPlists/TidifyDataTests-Info.plist";
				IPHONEOS_DEPLOYMENT_TARGET = 13.0;
				LD_RUNPATH_SEARCH_PATHS = (
					"$(inherited)",
					"@executable_path/Frameworks",
					"@loader_path/Frameworks",
				);
				PRODUCT_BUNDLE_IDENTIFIER = com.ian.TidifyDataTests;
				PRODUCT_NAME = TidifyDataTests;
				SDKROOT = iphoneos;
				SUPPORTS_MACCATALYST = NO;
				SWIFT_ACTIVE_COMPILATION_CONDITIONS = DEBUG;
				SWIFT_COMPILATION_MODE = singlefile;
				SWIFT_OPTIMIZATION_LEVEL = "-Onone";
				SWIFT_VERSION = 5.6.1;
				TARGETED_DEVICE_FAMILY = 1;
			};
			name = Debug;
		};
		9AB1B9BAB94862AB5808F706 /* Debug */ = {
			isa = XCBuildConfiguration;
			buildSettings = {
				ALWAYS_SEARCH_USER_PATHS = NO;
				CLANG_ANALYZER_LOCALIZABILITY_NONLOCALIZED = YES;
				CLANG_ANALYZER_NONNULL = YES;
				CLANG_ANALYZER_NUMBER_OBJECT_CONVERSION = YES_AGGRESSIVE;
				CLANG_CXX_LANGUAGE_STANDARD = "gnu++14";
				CLANG_CXX_LIBRARY = "libc++";
				CLANG_ENABLE_MODULES = YES;
				CLANG_ENABLE_OBJC_ARC = YES;
				CLANG_ENABLE_OBJC_WEAK = YES;
				CLANG_WARN_BLOCK_CAPTURE_AUTORELEASING = YES;
				CLANG_WARN_BOOL_CONVERSION = YES;
				CLANG_WARN_COMMA = YES;
				CLANG_WARN_CONSTANT_CONVERSION = YES;
				CLANG_WARN_DEPRECATED_OBJC_IMPLEMENTATIONS = YES;
				CLANG_WARN_DIRECT_OBJC_ISA_USAGE = YES_ERROR;
				CLANG_WARN_DOCUMENTATION_COMMENTS = YES;
				CLANG_WARN_EMPTY_BODY = YES;
				CLANG_WARN_ENUM_CONVERSION = YES;
				CLANG_WARN_INFINITE_RECURSION = YES;
				CLANG_WARN_INT_CONVERSION = YES;
				CLANG_WARN_NON_LITERAL_NULL_CONVERSION = YES;
				CLANG_WARN_OBJC_IMPLICIT_RETAIN_SELF = YES;
				CLANG_WARN_OBJC_LITERAL_CONVERSION = YES;
				CLANG_WARN_OBJC_ROOT_CLASS = YES_ERROR;
				CLANG_WARN_QUOTED_INCLUDE_IN_FRAMEWORK_HEADER = YES;
				CLANG_WARN_RANGE_LOOP_ANALYSIS = YES;
				CLANG_WARN_STRICT_PROTOTYPES = YES;
				CLANG_WARN_SUSPICIOUS_MOVE = YES;
				CLANG_WARN_UNGUARDED_AVAILABILITY = YES_AGGRESSIVE;
				CLANG_WARN_UNREACHABLE_CODE = YES;
				CLANG_WARN__DUPLICATE_METHOD_MATCH = YES;
				COPY_PHASE_STRIP = NO;
				DEAD_CODE_STRIPPING = YES;
				DEBUG_INFORMATION_FORMAT = dwarf;
				ENABLE_STRICT_OBJC_MSGSEND = YES;
				ENABLE_TESTABILITY = YES;
				GCC_C_LANGUAGE_STANDARD = gnu11;
				GCC_DYNAMIC_NO_PIC = NO;
				GCC_NO_COMMON_BLOCKS = YES;
				GCC_OPTIMIZATION_LEVEL = 0;
				GCC_PREPROCESSOR_DEFINITIONS = (
					"DEBUG=1",
					"$(inherited)",
				);
				GCC_WARN_64_TO_32_BIT_CONVERSION = YES;
				GCC_WARN_ABOUT_RETURN_TYPE = YES_ERROR;
				GCC_WARN_UNDECLARED_SELECTOR = YES;
				GCC_WARN_UNINITIALIZED_AUTOS = YES_AGGRESSIVE;
				GCC_WARN_UNUSED_FUNCTION = YES;
				GCC_WARN_UNUSED_VARIABLE = YES;
				MTL_ENABLE_DEBUG_INFO = YES;
				ONLY_ACTIVE_ARCH = YES;
				PRODUCT_NAME = "$(TARGET_NAME)";
			};
			name = Debug;
		};
		BBCB8C8BD60E2DA45EFF7F59 /* Debug */ = {
			isa = XCBuildConfiguration;
			buildSettings = {
				CODE_SIGN_IDENTITY = "iPhone Developer";
				INFOPLIST_FILE = "Derived/InfoPlists/TidifyCoreTests-Info.plist";
				IPHONEOS_DEPLOYMENT_TARGET = 13.0;
				LD_RUNPATH_SEARCH_PATHS = (
					"$(inherited)",
					"@executable_path/Frameworks",
					"@loader_path/Frameworks",
				);
				PRODUCT_BUNDLE_IDENTIFIER = com.ian.TidifyCoreTests;
				PRODUCT_NAME = TidifyCoreTests;
				SDKROOT = iphoneos;
				SUPPORTS_MACCATALYST = NO;
				SWIFT_ACTIVE_COMPILATION_CONDITIONS = DEBUG;
				SWIFT_COMPILATION_MODE = singlefile;
				SWIFT_OPTIMIZATION_LEVEL = "-Onone";
				SWIFT_VERSION = 5.6.1;
				TARGETED_DEVICE_FAMILY = 1;
			};
			name = Debug;
		};
		C9AF888960C7686A71268FCF /* Release */ = {
			isa = XCBuildConfiguration;
			buildSettings = {
				CODE_SIGN_IDENTITY = "";
				CURRENT_PROJECT_VERSION = 1;
				DEFINES_MODULE = YES;
				DYLIB_COMPATIBILITY_VERSION = 1;
				DYLIB_CURRENT_VERSION = 1;
				DYLIB_INSTALL_NAME_BASE = "@rpath";
				INFOPLIST_FILE = "Derived/InfoPlists/TidifyDomain-Info.plist";
				INSTALL_PATH = "$(LOCAL_LIBRARY_DIR)/Frameworks";
				IPHONEOS_DEPLOYMENT_TARGET = 13.0;
				LD_RUNPATH_SEARCH_PATHS = (
					"$(inherited)",
					"@executable_path/Frameworks",
					"@loader_path/Frameworks",
				);
				PRODUCT_BUNDLE_IDENTIFIER = com.ian.TidifyDomain;
				PRODUCT_NAME = TidifyDomain;
				SDKROOT = iphoneos;
				SKIP_INSTALL = YES;
				SUPPORTS_MACCATALYST = NO;
				SWIFT_COMPILATION_MODE = wholemodule;
				SWIFT_OPTIMIZATION_LEVEL = "-Owholemodule";
				SWIFT_VERSION = 5.6.1;
				TARGETED_DEVICE_FAMILY = 1;
				VERSIONING_SYSTEM = "apple-generic";
				VERSION_INFO_PREFIX = "";
			};
			name = Release;
		};
		CAF316E649DC3C4DA4B829CE /* Debug */ = {
			isa = XCBuildConfiguration;
			buildSettings = {
				CODE_SIGN_IDENTITY = "";
				CURRENT_PROJECT_VERSION = 1;
				DEFINES_MODULE = YES;
				DYLIB_COMPATIBILITY_VERSION = 1;
				DYLIB_CURRENT_VERSION = 1;
				DYLIB_INSTALL_NAME_BASE = "@rpath";
				INFOPLIST_FILE = "Derived/InfoPlists/TidifyCore-Info.plist";
				INSTALL_PATH = "$(LOCAL_LIBRARY_DIR)/Frameworks";
				IPHONEOS_DEPLOYMENT_TARGET = 13.0;
				LD_RUNPATH_SEARCH_PATHS = (
					"$(inherited)",
					"@executable_path/Frameworks",
					"@loader_path/Frameworks",
				);
				PRODUCT_BUNDLE_IDENTIFIER = com.ian.TidifyCore;
				PRODUCT_NAME = TidifyCore;
				SDKROOT = iphoneos;
				SKIP_INSTALL = YES;
				SUPPORTS_MACCATALYST = NO;
				SWIFT_ACTIVE_COMPILATION_CONDITIONS = DEBUG;
				SWIFT_COMPILATION_MODE = singlefile;
				SWIFT_OPTIMIZATION_LEVEL = "-Onone";
				SWIFT_VERSION = 5.6.1;
				TARGETED_DEVICE_FAMILY = 1;
				VERSIONING_SYSTEM = "apple-generic";
				VERSION_INFO_PREFIX = "";
			};
			name = Debug;
		};
		D1CF45367583D7C1544D6C7A /* Debug */ = {
			isa = XCBuildConfiguration;
			buildSettings = {
				CODE_SIGN_IDENTITY = "iPhone Developer";
				INFOPLIST_FILE = "Derived/InfoPlists/TidifyPresentationTests-Info.plist";
				IPHONEOS_DEPLOYMENT_TARGET = 13.0;
				LD_RUNPATH_SEARCH_PATHS = (
					"$(inherited)",
					"@executable_path/Frameworks",
					"@loader_path/Frameworks",
				);
				PRODUCT_BUNDLE_IDENTIFIER = com.ian.TidifyPresentationTests;
				PRODUCT_NAME = TidifyPresentationTests;
				SDKROOT = iphoneos;
				SUPPORTS_MACCATALYST = NO;
				SWIFT_ACTIVE_COMPILATION_CONDITIONS = DEBUG;
				SWIFT_COMPILATION_MODE = singlefile;
				SWIFT_OPTIMIZATION_LEVEL = "-Onone";
				SWIFT_VERSION = 5.6.1;
				TARGETED_DEVICE_FAMILY = 1;
			};
			name = Debug;
		};
		D3EDE6D5A4317B79D38AB1CC /* Debug */ = {
			isa = XCBuildConfiguration;
			buildSettings = {
				CODE_SIGN_IDENTITY = "";
				CURRENT_PROJECT_VERSION = 1;
				DEFINES_MODULE = YES;
				DYLIB_COMPATIBILITY_VERSION = 1;
				DYLIB_CURRENT_VERSION = 1;
				DYLIB_INSTALL_NAME_BASE = "@rpath";
				INFOPLIST_FILE = "Derived/InfoPlists/TidifyData-Info.plist";
				INSTALL_PATH = "$(LOCAL_LIBRARY_DIR)/Frameworks";
				IPHONEOS_DEPLOYMENT_TARGET = 13.0;
				LD_RUNPATH_SEARCH_PATHS = (
					"$(inherited)",
					"@executable_path/Frameworks",
					"@loader_path/Frameworks",
				);
				PRODUCT_BUNDLE_IDENTIFIER = com.ian.TidifyData;
				PRODUCT_NAME = TidifyData;
				SDKROOT = iphoneos;
				SKIP_INSTALL = YES;
				SUPPORTS_MACCATALYST = NO;
				SWIFT_ACTIVE_COMPILATION_CONDITIONS = DEBUG;
				SWIFT_COMPILATION_MODE = singlefile;
				SWIFT_OPTIMIZATION_LEVEL = "-Onone";
				SWIFT_VERSION = 5.6.1;
				TARGETED_DEVICE_FAMILY = 1;
				VERSIONING_SYSTEM = "apple-generic";
				VERSION_INFO_PREFIX = "";
			};
			name = Debug;
		};
		DDEB2148CD89DF3532B0F32F /* Release */ = {
			isa = XCBuildConfiguration;
			buildSettings = {
				CODE_SIGN_IDENTITY = "iPhone Developer";
				INFOPLIST_FILE = "Derived/InfoPlists/TidifyCoreTests-Info.plist";
				IPHONEOS_DEPLOYMENT_TARGET = 13.0;
				LD_RUNPATH_SEARCH_PATHS = (
					"$(inherited)",
					"@executable_path/Frameworks",
					"@loader_path/Frameworks",
				);
				PRODUCT_BUNDLE_IDENTIFIER = com.ian.TidifyCoreTests;
				PRODUCT_NAME = TidifyCoreTests;
				SDKROOT = iphoneos;
				SUPPORTS_MACCATALYST = NO;
				SWIFT_COMPILATION_MODE = wholemodule;
				SWIFT_OPTIMIZATION_LEVEL = "-Owholemodule";
				SWIFT_VERSION = 5.6.1;
				TARGETED_DEVICE_FAMILY = 1;
			};
			name = Release;
		};
		E954A9F059063A134C8B1AE0 /* Debug */ = {
			isa = XCBuildConfiguration;
			buildSettings = {
				CODE_SIGN_IDENTITY = "";
				CURRENT_PROJECT_VERSION = 1;
				DEFINES_MODULE = YES;
				DYLIB_COMPATIBILITY_VERSION = 1;
				DYLIB_CURRENT_VERSION = 1;
				DYLIB_INSTALL_NAME_BASE = "@rpath";
				INFOPLIST_FILE = "Derived/InfoPlists/TidifyPresentation-Info.plist";
				INSTALL_PATH = "$(LOCAL_LIBRARY_DIR)/Frameworks";
				IPHONEOS_DEPLOYMENT_TARGET = 13.0;
				LD_RUNPATH_SEARCH_PATHS = (
					"$(inherited)",
					"@executable_path/Frameworks",
					"@loader_path/Frameworks",
				);
				PRODUCT_BUNDLE_IDENTIFIER = com.ian.TidifyPresentation;
				PRODUCT_NAME = TidifyPresentation;
				SDKROOT = iphoneos;
				SKIP_INSTALL = YES;
				SUPPORTS_MACCATALYST = NO;
				SWIFT_ACTIVE_COMPILATION_CONDITIONS = DEBUG;
				SWIFT_COMPILATION_MODE = singlefile;
				SWIFT_OPTIMIZATION_LEVEL = "-Onone";
				SWIFT_VERSION = 5.6.1;
				TARGETED_DEVICE_FAMILY = 1;
				VERSIONING_SYSTEM = "apple-generic";
				VERSION_INFO_PREFIX = "";
			};
			name = Debug;
		};
		FC60AB150DE4E5531D4F831A /* Release */ = {
			isa = XCBuildConfiguration;
			buildSettings = {
				ALWAYS_SEARCH_USER_PATHS = NO;
				CLANG_ANALYZER_LOCALIZABILITY_NONLOCALIZED = YES;
				CLANG_ANALYZER_NONNULL = YES;
				CLANG_ANALYZER_NUMBER_OBJECT_CONVERSION = YES_AGGRESSIVE;
				CLANG_CXX_LANGUAGE_STANDARD = "gnu++14";
				CLANG_CXX_LIBRARY = "libc++";
				CLANG_ENABLE_MODULES = YES;
				CLANG_ENABLE_OBJC_ARC = YES;
				CLANG_ENABLE_OBJC_WEAK = YES;
				CLANG_WARN_BLOCK_CAPTURE_AUTORELEASING = YES;
				CLANG_WARN_BOOL_CONVERSION = YES;
				CLANG_WARN_COMMA = YES;
				CLANG_WARN_CONSTANT_CONVERSION = YES;
				CLANG_WARN_DEPRECATED_OBJC_IMPLEMENTATIONS = YES;
				CLANG_WARN_DIRECT_OBJC_ISA_USAGE = YES_ERROR;
				CLANG_WARN_DOCUMENTATION_COMMENTS = YES;
				CLANG_WARN_EMPTY_BODY = YES;
				CLANG_WARN_ENUM_CONVERSION = YES;
				CLANG_WARN_INFINITE_RECURSION = YES;
				CLANG_WARN_INT_CONVERSION = YES;
				CLANG_WARN_NON_LITERAL_NULL_CONVERSION = YES;
				CLANG_WARN_OBJC_IMPLICIT_RETAIN_SELF = YES;
				CLANG_WARN_OBJC_LITERAL_CONVERSION = YES;
				CLANG_WARN_OBJC_ROOT_CLASS = YES_ERROR;
				CLANG_WARN_QUOTED_INCLUDE_IN_FRAMEWORK_HEADER = YES;
				CLANG_WARN_RANGE_LOOP_ANALYSIS = YES;
				CLANG_WARN_STRICT_PROTOTYPES = YES;
				CLANG_WARN_SUSPICIOUS_MOVE = YES;
				CLANG_WARN_UNGUARDED_AVAILABILITY = YES_AGGRESSIVE;
				CLANG_WARN_UNREACHABLE_CODE = YES;
				CLANG_WARN__DUPLICATE_METHOD_MATCH = YES;
				COPY_PHASE_STRIP = NO;
				DEAD_CODE_STRIPPING = YES;
				DEBUG_INFORMATION_FORMAT = "dwarf-with-dsym";
				ENABLE_NS_ASSERTIONS = NO;
				ENABLE_STRICT_OBJC_MSGSEND = YES;
				GCC_C_LANGUAGE_STANDARD = gnu11;
				GCC_NO_COMMON_BLOCKS = YES;
				GCC_WARN_64_TO_32_BIT_CONVERSION = YES;
				GCC_WARN_ABOUT_RETURN_TYPE = YES_ERROR;
				GCC_WARN_UNDECLARED_SELECTOR = YES;
				GCC_WARN_UNINITIALIZED_AUTOS = YES_AGGRESSIVE;
				GCC_WARN_UNUSED_FUNCTION = YES;
				GCC_WARN_UNUSED_VARIABLE = YES;
				MTL_ENABLE_DEBUG_INFO = NO;
				PRODUCT_NAME = "$(TARGET_NAME)";
				VALIDATE_PRODUCT = YES;
			};
			name = Release;
		};
/* End XCBuildConfiguration section */

/* Begin XCConfigurationList section */
		1B52AB14742A6408069ACEA7 /* Build configuration list for PBXNativeTarget "Tidify" */ = {
			isa = XCConfigurationList;
			buildConfigurations = (
				7BCD187D4FA7E7190F8085D9 /* Debug */,
				20C503D32DF6FB435B547111 /* Release */,
			);
			defaultConfigurationIsVisible = 0;
			defaultConfigurationName = Release;
		};
		392050119467099F2F9122DD /* Build configuration list for PBXProject "Tidify" */ = {
			isa = XCConfigurationList;
			buildConfigurations = (
				9AB1B9BAB94862AB5808F706 /* Debug */,
				FC60AB150DE4E5531D4F831A /* Release */,
			);
			defaultConfigurationIsVisible = 0;
			defaultConfigurationName = Release;
		};
		4988B834C40185E7B4A802A1 /* Build configuration list for PBXNativeTarget "TidifyPresentationTests" */ = {
			isa = XCConfigurationList;
			buildConfigurations = (
				D1CF45367583D7C1544D6C7A /* Debug */,
				2065093911C305396DFA0688 /* Release */,
			);
			defaultConfigurationIsVisible = 0;
			defaultConfigurationName = Release;
		};
		66008C0B314820BA212685CF /* Build configuration list for PBXNativeTarget "TidifyData" */ = {
			isa = XCConfigurationList;
			buildConfigurations = (
				D3EDE6D5A4317B79D38AB1CC /* Debug */,
				373194A9C23828FB3C6DB918 /* Release */,
			);
			defaultConfigurationIsVisible = 0;
			defaultConfigurationName = Release;
		};
		98DA1AF574841DFC967876B7 /* Build configuration list for PBXNativeTarget "TidifyDataTests" */ = {
			isa = XCConfigurationList;
			buildConfigurations = (
				85CC25DB1ED5BD784F42541B /* Debug */,
				32AAA3CB2AC61EC3B97035D4 /* Release */,
			);
			defaultConfigurationIsVisible = 0;
			defaultConfigurationName = Release;
		};
		AF417872AF45DF327E3071AE /* Build configuration list for PBXNativeTarget "TidifyDomainTests" */ = {
			isa = XCConfigurationList;
			buildConfigurations = (
				578D733C0CCF101AA70B0C15 /* Debug */,
				111DDE3093640D64B0AC6F79 /* Release */,
			);
			defaultConfigurationIsVisible = 0;
			defaultConfigurationName = Release;
		};
		B72FA6D3168ECFD5A87FBE7F /* Build configuration list for PBXNativeTarget "TidifyPresentation" */ = {
			isa = XCConfigurationList;
			buildConfigurations = (
				E954A9F059063A134C8B1AE0 /* Debug */,
				5296855AE88D531E11E07F2D /* Release */,
			);
			defaultConfigurationIsVisible = 0;
			defaultConfigurationName = Release;
		};
		C7032613220A928717C56EFF /* Build configuration list for PBXNativeTarget "TidifyCore" */ = {
			isa = XCConfigurationList;
			buildConfigurations = (
				CAF316E649DC3C4DA4B829CE /* Debug */,
				57D7388F95071A06E183C87C /* Release */,
			);
			defaultConfigurationIsVisible = 0;
			defaultConfigurationName = Release;
		};
		D620DA1474AFFB1BD79D87FE /* Build configuration list for PBXNativeTarget "TidifyCoreTests" */ = {
			isa = XCConfigurationList;
			buildConfigurations = (
				BBCB8C8BD60E2DA45EFF7F59 /* Debug */,
				DDEB2148CD89DF3532B0F32F /* Release */,
			);
			defaultConfigurationIsVisible = 0;
			defaultConfigurationName = Release;
		};
		F36859CBD38B67BA8BEBBFFD /* Build configuration list for PBXNativeTarget "TidifyDomain" */ = {
			isa = XCConfigurationList;
			buildConfigurations = (
				4E8C0372E352F2FEAC14C0D3 /* Debug */,
				C9AF888960C7686A71268FCF /* Release */,
			);
			defaultConfigurationIsVisible = 0;
			defaultConfigurationName = Release;
		};
/* End XCConfigurationList section */
	};
	rootObject = E001B09A59B62771B160F114 /* Project object */;
}
